# THIS IS AN AUTOGENERATED FILE. DO NOT EDIT THIS FILE DIRECTLY.
# yarn lockfile v1


"@cardano-ogmios/mdk@^1.0.0":
  version "1.0.1"
  resolved "https://registry.yarnpkg.com/@cardano-ogmios/mdk/-/mdk-1.0.1.tgz#21d43e16b06ef1329bfb9b4dd66dc37d23a51053"
  integrity sha512-AAj/926wACEmPdVkeXtVPVnte7Ips0dhr8Gi5ngeA93IrkDz7Z2+Y8xr/g7Wh+fXE1763G2p+2ma05Jh9oRbaQ==
  dependencies:
    "@cardanosolutions/json-bigint" "^1.1.0"
    isomorphic-ws "^5.0.0"

"@cardanosolutions/json-bigint@^1.0.1", "@cardanosolutions/json-bigint@^1.1.0":
  version "1.1.0"
  resolved "https://registry.yarnpkg.com/@cardanosolutions/json-bigint/-/json-bigint-1.1.0.tgz#dddfa10825de8c1856d8ec945db8f4e366f8cef3"
  integrity sha512-Pdgz18cSwLKKgheOqW/dqbzNI+CliNT4AdaKaKY/P++J9qLxIB8MITCurlzbaFWV3W4nmK0CRQwI1yvuArmjFg==

bech32@^2.0.0:
  version "2.0.0"
  resolved "https://registry.yarnpkg.com/bech32/-/bech32-2.0.0.tgz#078d3686535075c8c79709f054b1b226a133b355"
  integrity sha512-LcknSilhIGatDAsY1ak2I8VtGaHNhgMSYVxFrGLXv+xLHytaKZKcaUJJUE7qmBr7h33o5YQwP55pMI0xmkpJwg==

isomorphic-ws@^5.0.0:
  version "5.0.0"
  resolved "https://registry.yarnpkg.com/isomorphic-ws/-/isomorphic-ws-5.0.0.tgz#e5529148912ecb9b451b46ed44d53dae1ce04bbf"
  integrity sha512-muId7Zzn9ywDsyXgTIafTry2sV3nySZeUDe6YedVd1Hvuuep5AsIlqK+XefWpYTyJG5e503F2xIuT2lcU6rCSw==
