version = 1
requires-python = ">=3.9"

[[package]]
name = "attrs"
version = "26.1.0"
source = { registry = "https://pypi.org/simple" }
sdist = { url = "https://files.pythonhosted.org/packages/9a/8e/82a0fe20a541c03148528be8cac2408564a6c9a0cc7e9171802bc1d26985/attrs-26.1.0.tar.gz", hash = "sha256:d03ceb89cb322a8fd706d4fb91940737b6642aa36998fe130a9bc96c985eff32", size = 952055 }
wheels = [
    { url = "https://files.pythonhosted.org/packages/64/b4/17d4b0b2a2dc85a6df63d1157e028ed19f90d4cd97c36717afef2bc2f395/attrs-26.1.0-py3-none-any.whl", hash = "sha256:c647aa4a12dfbad9333ca4e71fe62ddc36f4e63b2d260a37a8b83d2f043ac309", size = 67548 },
]

[[package]]
name = "haskell-node-extractor-tools"
version = "0.0.0"
source = { virtual = "." }
dependencies = [
    { name = "jsonschema" },
]

[package.metadata]
requires-dist = [{ name = "jsonschema", specifier = ">=4.17,<5" }]

[[package]]
name = "jsonschema"
version = "4.25.1"
source = { registry = "https://pypi.org/simple" }
dependencies = [
    { name = "attrs" },
    { name = "jsonschema-specifications" },
    { name = "referencing" },
    { name = "rpds-py" },
]
sdist = { url = "https://files.pythonhosted.org/packages/74/69/f7185de793a29082a9f3c7728268ffb31cb5095131a9c139a74078e27336/jsonschema-4.25.1.tar.gz", hash = "sha256:e4a9655ce0da0c0b67a085847e00a3a51449e1157f4f75e9fb5aa545e122eb85", size = 357342 }
wheels = [
    { url = "https://files.pythonhosted.org/packages/bf/9c/8c95d856233c1f82500c2450b8c68576b4cf1c871db3afac5c34ff84e6fd/jsonschema-4.25.1-py3-none-any.whl", hash = "sha256:3fba0169e345c7175110351d456342c364814cfcf3b964ba4587f22915230a63", size = 90040 },
]

[[package]]
name = "jsonschema-specifications"
version = "2025.9.1"
source = { registry = "https://pypi.org/simple" }
dependencies = [
    { name = "referencing" },
]
sdist = { url = "https://files.pythonhosted.org/packages/19/74/a633ee74eb36c44aa6d1095e7cc5569bebf04342ee146178e2d36600708b/jsonschema_specifications-2025.9.1.tar.gz", hash = "sha256:b540987f239e745613c7a9176f3edb72b832a4ac465cf02712288397832b5e8d", size = 32855 }
wheels = [
    { url = "https://files.pythonhosted.org/packages/41/45/1a4ed80516f02155c51f51e8cedb3c1902296743db0bbc66608a0db2814f/jsonschema_specifications-2025.9.1-py3-none-any.whl", hash = "sha256:98802fee3a11ee76ecaca44429fda8a41bff98b00a0f2838151b113f210cc6fe", size = 18437 },
]

[[package]]
name = "referencing"
version = "0.36.2"
source = { registry = "https://pypi.org/simple" }
dependencies = [
    { name = "attrs" },
    { name = "rpds-py" },
    { name = "typing-extensions", marker = "python_full_version < '3.13'" },
]
sdist = { url = "https://files.pythonhosted.org/packages/2f/db/98b5c277be99dd18bfd91dd04e1b759cad18d1a338188c936e92f921c7e2/referencing-0.36.2.tar.gz", hash = "sha256:df2e89862cd09deabbdba16944cc3f10feb6b3e6f18e902f7cc25609a34775aa", size = 74744 }
wheels = [
    { url = "https://files.pythonhosted.org/packages/c1/b1/3baf80dc6d2b7bc27a95a67752d0208e410351e3feb4eb78de5f77454d8d/referencing-0.36.2-py3-none-any.whl", hash = "sha256:e8699adbbf8b5c7de96d8ffa0eb5c158b3beafce084968e2ea8bb08c6794dcd0", size = 26775 },
]

[[package]]
name = "rpds-py"
version = "0.27.1"
source = { registry = "https://pypi.org/simple" }
sdist = { url = "https://files.pythonhosted.org/packages/e9/dd/2c0cbe774744272b0ae725f44032c77bdcab6e8bcf544bffa3b6e70c8dba/rpds_py-0.27.1.tar.gz", hash = "sha256:26a1c73171d10b7acccbded82bf6a586ab8203601e565badc74bbbf8bc5a10f8", size = 27479 }
wheels = [
    { url = "https://files.pythonhosted.org/packages/a5/ed/3aef893e2dd30e77e35d20d4ddb45ca459db59cead748cad9796ad479411/rpds_py-0.27.1-cp310-cp310-macosx_10_12_x86_64.whl", hash = "sha256:68afeec26d42ab3b47e541b272166a0b4400313946871cba3ed3a4fc0cab1cef", size = 371606 },
    { url = "https://files.pythonhosted.org/packages/6d/82/9818b443e5d3eb4c83c3994561387f116aae9833b35c484474769c4a8faf/rpds_py-0.27.1-cp310-cp310-macosx_11_0_arm64.whl", hash = "sha256:74e5b2f7bb6fa38b1b10546d27acbacf2a022a8b5543efb06cfebc72a59c85be", size = 353452 },
    { url = "https://files.pythonhosted.org/packages/99/c7/d2a110ffaaa397fc6793a83c7bd3545d9ab22658b7cdff05a24a4535cc45/rpds_py-0.27.1-cp310-cp310-manylinux_2_17_aarch64.manylinux2014_aarch64.whl", hash = "sha256:9024de74731df54546fab0bfbcdb49fae19159ecaecfc8f37c18d2c7e2c0bd61", size = 381519 },
    { url = "https://files.pythonhosted.org/packages/5a/bc/e89581d1f9d1be7d0247eaef602566869fdc0d084008ba139e27e775366c/rpds_py-0.27.1-cp310-cp310-manylinux_2_17_armv7l.manylinux2014_armv7l.whl", hash = "sha256:31d3ebadefcd73b73928ed0b2fd696f7fefda8629229f81929ac9c1854d0cffb", size = 394424 },
    { url = "https://files.pythonhosted.org/packages/ac/2e/36a6861f797530e74bb6ed53495f8741f1ef95939eed01d761e73d559067/rpds_py-0.27.1-cp310-cp310-manylinux_2_17_ppc64le.manylinux2014_ppc64le.whl", hash = "sha256:b2e7f8f169d775dd9092a1743768d771f1d1300453ddfe6325ae3ab5332b4657", size = 523467 },
    { url = "https://files.pythonhosted.org/packages/c4/59/c1bc2be32564fa499f988f0a5c6505c2f4746ef96e58e4d7de5cf923d77e/rpds_py-0.27.1-cp310-cp310-manylinux_2_17_s390x.manylinux2014_s390x.whl", hash = "sha256:3d905d16f77eb6ab2e324e09bfa277b4c8e5e6b8a78a3e7ff8f3cdf773b4c013", size = 402660 },
    { url = "https://files.pythonhosted.org/packages/0a/ec/ef8bf895f0628dd0a59e54d81caed6891663cb9c54a0f4bb7da918cb88cf/rpds_py-0.27.1-cp310-cp310-manylinux_2_17_x86_64.manylinux2014_x86_64.whl", hash = "sha256:50c946f048209e6362e22576baea09193809f87687a95a8db24e5fbdb307b93a", size = 384062 },
    { url = "https://files.pythonhosted.org/packages/69/f7/f47ff154be8d9a5e691c083a920bba89cef88d5247c241c10b9898f595a1/rpds_py-0.27.1-cp310-cp310-manylinux_2_31_riscv64.whl", hash = "sha256:3deab27804d65cd8289eb814c2c0e807c4b9d9916c9225e363cb0cf875eb67c1", size = 401289 },
    { url = "https://files.pythonhosted.org/packages/3b/d9/ca410363efd0615814ae579f6829cafb39225cd63e5ea5ed1404cb345293/rpds_py-0.27.1-cp310-cp310-manylinux_2_5_i686.manylinux1_i686.whl", hash = "sha256:8b61097f7488de4be8244c89915da8ed212832ccf1e7c7753a25a394bf9b1f10", size = 417718 },
    { url = "https://files.pythonhosted.org/packages/e3/a0/8cb5c2ff38340f221cc067cc093d1270e10658ba4e8d263df923daa18e86/rpds_py-0.27.1-cp310-cp310-musllinux_1_2_aarch64.whl", hash = "sha256:8a3f29aba6e2d7d90528d3c792555a93497fe6538aa65eb675b44505be747808", size = 558333 },
    { url = "https://files.pythonhosted.org/packages/6f/8c/1b0de79177c5d5103843774ce12b84caa7164dfc6cd66378768d37db11bf/rpds_py-0.27.1-cp310-cp310-musllinux_1_2_i686.whl", hash = "sha256:dd6cd0485b7d347304067153a6dc1d73f7d4fd995a396ef32a24d24b8ac63ac8", size = 589127 },
    { url = "https://files.pythonhosted.org/packages/c8/5e/26abb098d5e01266b0f3a2488d299d19ccc26849735d9d2b95c39397e945/rpds_py-0.27.1-cp310-cp310-musllinux_1_2_x86_64.whl", hash = "sha256:6f4461bf931108c9fa226ffb0e257c1b18dc2d44cd72b125bec50ee0ab1248a9", size = 554899 },
    { url = "https://files.pythonhosted.org/packages/de/41/905cc90ced13550db017f8f20c6d8e8470066c5738ba480d7ba63e3d136b/rpds_py-0.27.1-cp310-cp310-win32.whl", hash = "sha256:ee5422d7fb21f6a00c1901bf6559c49fee13a5159d0288320737bbf6585bd3e4", size = 217450 },
    { url = "https://files.pythonhosted.org/packages/75/3d/6bef47b0e253616ccdf67c283e25f2d16e18ccddd38f92af81d5a3420206/rpds_py-0.27.1-cp310-cp310-win_amd64.whl", hash = "sha256:3e039aabf6d5f83c745d5f9a0a381d031e9ed871967c0a5c38d201aca41f3ba1", size = 228447 },
    { url = "https://files.pythonhosted.org/packages/b5/c1/7907329fbef97cbd49db6f7303893bd1dd5a4a3eae415839ffdfb0762cae/rpds_py-0.27.1-cp311-cp311-macosx_10_12_x86_64.whl", hash = "sha256:be898f271f851f68b318872ce6ebebbc62f303b654e43bf72683dbdc25b7c881", size = 371063 },
    { url = "https://files.pythonhosted.org/packages/11/94/2aab4bc86228bcf7c48760990273653a4900de89c7537ffe1b0d6097ed39/rpds_py-0.27.1-cp311-cp311-macosx_11_0_arm64.whl", hash = "sha256:62ac3d4e3e07b58ee0ddecd71d6ce3b1637de2d373501412df395a0ec5f9beb5", size = 353210 },
    { url = "https://files.pythonhosted.org/packages/3a/57/f5eb3ecf434342f4f1a46009530e93fd201a0b5b83379034ebdb1d7c1a58/rpds_py-0.27.1-cp311-cp311-manylinux_2_17_aarch64.manylinux2014_aarch64.whl", hash = "sha256:4708c5c0ceb2d034f9991623631d3d23cb16e65c83736ea020cdbe28d57c0a0e", size = 381636 },
    { url = "https://files.pythonhosted.org/packages/ae/f4/ef95c5945e2ceb5119571b184dd5a1cc4b8541bbdf67461998cfeac9cb1e/rpds_py-0.27.1-cp311-cp311-manylinux_2_17_armv7l.manylinux2014_armv7l.whl", hash = "sha256:abfa1171a9952d2e0002aba2ad3780820b00cc3d9c98c6630f2e93271501f66c", size = 394341 },
    { url = "https://files.pythonhosted.org/packages/5a/7e/4bd610754bf492d398b61725eb9598ddd5eb86b07d7d9483dbcd810e20bc/rpds_py-0.27.1-cp311-cp311-manylinux_2_17_ppc64le.manylinux2014_ppc64le.whl", hash = "sha256:4b507d19f817ebaca79574b16eb2ae412e5c0835542c93fe9983f1e432aca195", size = 523428 },
    { url = "https://files.pythonhosted.org/packages/9f/e5/059b9f65a8c9149361a8b75094864ab83b94718344db511fd6117936ed2a/rpds_py-0.27.1-cp311-cp311-manylinux_2_17_s390x.manylinux2014_s390x.whl", hash = "sha256:168b025f8fd8d8d10957405f3fdcef3dc20f5982d398f90851f4abc58c566c52", size = 402923 },
    { url = "https://files.pythonhosted.org/packages/f5/48/64cabb7daced2968dd08e8a1b7988bf358d7bd5bcd5dc89a652f4668543c/rpds_py-0.27.1-cp311-cp311-manylinux_2_17_x86_64.manylinux2014_x86_64.whl", hash = "sha256:cb56c6210ef77caa58e16e8c17d35c63fe3f5b60fd9ba9d424470c3400bcf9ed", size = 384094 },
    { url = "https://files.pythonhosted.org/packages/ae/e1/dc9094d6ff566bff87add8a510c89b9e158ad2ecd97ee26e677da29a9e1b/rpds_py-0.27.1-cp311-cp311-manylinux_2_31_riscv64.whl", hash = "sha256:d252f2d8ca0195faa707f8eb9368955760880b2b42a8ee16d382bf5dd807f89a", size = 401093 },
    { url = "https://files.pythonhosted.org/packages/37/8e/ac8577e3ecdd5593e283d46907d7011618994e1d7ab992711ae0f78b9937/rpds_py-0.27.1-cp311-cp311-manylinux_2_5_i686.manylinux1_i686.whl", hash = "sha256:6e5e54da1e74b91dbc7996b56640f79b195d5925c2b78efaa8c5d53e1d88edde", size = 417969 },
    { url = "https://files.pythonhosted.org/packages/66/6d/87507430a8f74a93556fe55c6485ba9c259949a853ce407b1e23fea5ba31/rpds_py-0.27.1-cp311-cp311-musllinux_1_2_aarch64.whl", hash = "sha256:ffce0481cc6e95e5b3f0a47ee17ffbd234399e6d532f394c8dce320c3b089c21", size = 558302 },
    { url = "https://files.pythonhosted.org/packages/3a/bb/1db4781ce1dda3eecc735e3152659a27b90a02ca62bfeea17aee45cc0fbc/rpds_py-0.27.1-cp311-cp311-musllinux_1_2_i686.whl", hash = "sha256:a205fdfe55c90c2cd8e540ca9ceba65cbe6629b443bc05db1f590a3db8189ff9", size = 589259 },
    { url = "https://files.pythonhosted.org/packages/7b/0e/ae1c8943d11a814d01b482e1f8da903f88047a962dff9bbdadf3bd6e6fd1/rpds_py-0.27.1-cp311-cp311-musllinux_1_2_x86_64.whl", hash = "sha256:689fb5200a749db0415b092972e8eba85847c23885c8543a8b0f5c009b1a5948", size = 554983 },
    { url = "https://files.pythonhosted.org/packages/b2/d5/0b2a55415931db4f112bdab072443ff76131b5ac4f4dc98d10d2d357eb03/rpds_py-0.27.1-cp311-cp311-win32.whl", hash = "sha256:3182af66048c00a075010bc7f4860f33913528a4b6fc09094a6e7598e462fe39", size = 217154 },
    { url = "https://files.pythonhosted.org/packages/24/75/3b7ffe0d50dc86a6a964af0d1cc3a4a2cdf437cb7b099a4747bbb96d1819/rpds_py-0.27.1-cp311-cp311-win_amd64.whl", hash = "sha256:b4938466c6b257b2f5c4ff98acd8128ec36b5059e5c8f8372d79316b1c36bb15", size = 228627 },
    { url = "https://files.pythonhosted.org/packages/8d/3f/4fd04c32abc02c710f09a72a30c9a55ea3cc154ef8099078fd50a0596f8e/rpds_py-0.27.1-cp311-cp311-win_arm64.whl", hash = "sha256:2f57af9b4d0793e53266ee4325535a31ba48e2f875da81a9177c9926dfa60746", size = 220998 },
    { url = "https://files.pythonhosted.org/packages/bd/fe/38de28dee5df58b8198c743fe2bea0c785c6d40941b9950bac4cdb71a014/rpds_py-0.27.1-cp312-cp312-macosx_10_12_x86_64.whl", hash = "sha256:ae2775c1973e3c30316892737b91f9283f9908e3cc7625b9331271eaaed7dc90", size = 361887 },
    { url = "https://files.pythonhosted.org/packages/7c/9a/4b6c7eedc7dd90986bf0fab6ea2a091ec11c01b15f8ba0a14d3f80450468/rpds_py-0.27.1-cp312-cp312-macosx_11_0_arm64.whl", hash = "sha256:2643400120f55c8a96f7c9d858f7be0c88d383cd4653ae2cf0d0c88f668073e5", size = 345795 },
    { url = "https://files.pythonhosted.org/packages/6f/0e/e650e1b81922847a09cca820237b0edee69416a01268b7754d506ade11ad/rpds_py-0.27.1-cp312-cp312-manylinux_2_17_aarch64.manylinux2014_aarch64.whl", hash = "sha256:16323f674c089b0360674a4abd28d5042947d54ba620f72514d69be4ff64845e", size = 385121 },
    { url = "https://files.pythonhosted.org/packages/1b/ea/b306067a712988e2bff00dcc7c8f31d26c29b6d5931b461aa4b60a013e33/rpds_py-0.27.1-cp312-cp312-manylinux_2_17_armv7l.manylinux2014_armv7l.whl", hash = "sha256:9a1f4814b65eacac94a00fc9a526e3fdafd78e439469644032032d0d63de4881", size = 398976 },
    { url = "https://files.pythonhosted.org/packages/2c/0a/26dc43c8840cb8fe239fe12dbc8d8de40f2365e838f3d395835dde72f0e5/rpds_py-0.27.1-cp312-cp312-manylinux_2_17_ppc64le.manylinux2014_ppc64le.whl", hash = "sha256:7ba32c16b064267b22f1850a34051121d423b6f7338a12b9459550eb2096e7ec", size = 525953 },
    { url = "https://files.pythonhosted.org/packages/22/14/c85e8127b573aaf3a0cbd7fbb8c9c99e735a4a02180c84da2a463b766e9e/rpds_py-0.27.1-cp312-cp312-manylinux_2_17_s390x.manylinux2014_s390x.whl", hash = "sha256:e5c20f33fd10485b80f65e800bbe5f6785af510b9f4056c5a3c612ebc83ba6cb", size = 407915 },
    { url = "https://files.pythonhosted.org/packages/ed/7b/8f4fee9ba1fb5ec856eb22d725a4efa3deb47f769597c809e03578b0f9d9/rpds_py-0.27.1-cp312-cp312-manylinux_2_17_x86_64.manylinux2014_x86_64.whl", hash = "sha256:466bfe65bd932da36ff279ddd92de56b042f2266d752719beb97b08526268ec5", size = 386883 },
    { url = "https://files.pythonhosted.org/packages/86/47/28fa6d60f8b74fcdceba81b272f8d9836ac0340570f68f5df6b41838547b/rpds_py-0.27.1-cp312-cp312-manylinux_2_31_riscv64.whl", hash = "sha256:41e532bbdcb57c92ba3be62c42e9f096431b4cf478da9bc3bc6ce5c38ab7ba7a", size = 405699 },
    { url = "https://files.pythonhosted.org/packages/d0/fd/c5987b5e054548df56953a21fe2ebed51fc1ec7c8f24fd41c067b68c4a0a/rpds_py-0.27.1-cp312-cp312-manylinux_2_5_i686.manylinux1_i686.whl", hash = "sha256:f149826d742b406579466283769a8ea448eed82a789af0ed17b0cd5770433444", size = 423713 },
    { url = "https://files.pythonhosted.org/packages/ac/ba/3c4978b54a73ed19a7d74531be37a8bcc542d917c770e14d372b8daea186/rpds_py-0.27.1-cp312-cp312-musllinux_1_2_aarch64.whl", hash = "sha256:80c60cfb5310677bd67cb1e85a1e8eb52e12529545441b43e6f14d90b878775a", size = 562324 },
    { url = "https://files.pythonhosted.org/packages/b5/6c/6943a91768fec16db09a42b08644b960cff540c66aab89b74be6d4a144ba/rpds_py-0.27.1-cp312-cp312-musllinux_1_2_i686.whl", hash = "sha256:7ee6521b9baf06085f62ba9c7a3e5becffbc32480d2f1b351559c001c38ce4c1", size = 593646 },
    { url = "https://files.pythonhosted.org/packages/11/73/9d7a8f4be5f4396f011a6bb7a19fe26303a0dac9064462f5651ced2f572f/rpds_py-0.27.1-cp312-cp312-musllinux_1_2_x86_64.whl", hash = "sha256:a512c8263249a9d68cac08b05dd59d2b3f2061d99b322813cbcc14c3c7421998", size = 558137 },
    { url = "https://files.pythonhosted.org/packages/6e/96/6772cbfa0e2485bcceef8071de7821f81aeac8bb45fbfd5542a3e8108165/rpds_py-0.27.1-cp312-cp312-win32.whl", hash = "sha256:819064fa048ba01b6dadc5116f3ac48610435ac9a0058bbde98e569f9e785c39", size = 221343 },
    { url = "https://files.pythonhosted.org/packages/67/b6/c82f0faa9af1c6a64669f73a17ee0eeef25aff30bb9a1c318509efe45d84/rpds_py-0.27.1-cp312-cp312-win_amd64.whl", hash = "sha256:d9199717881f13c32c4046a15f024971a3b78ad4ea029e8da6b86e5aa9cf4594", size = 232497 },
    { url = "https://files.pythonhosted.org/packages/e1/96/2817b44bd2ed11aebacc9251da03689d56109b9aba5e311297b6902136e2/rpds_py-0.27.1-cp312-cp312-win_arm64.whl", hash = "sha256:33aa65b97826a0e885ef6e278fbd934e98cdcfed80b63946025f01e2f5b29502", size = 222790 },
    { url = "https://files.pythonhosted.org/packages/cc/77/610aeee8d41e39080c7e14afa5387138e3c9fa9756ab893d09d99e7d8e98/rpds_py-0.27.1-cp313-cp313-macosx_10_12_x86_64.whl", hash = "sha256:e4b9fcfbc021633863a37e92571d6f91851fa656f0180246e84cbd8b3f6b329b", size = 361741 },
    { url = "https://files.pythonhosted.org/packages/3a/fc/c43765f201c6a1c60be2043cbdb664013def52460a4c7adace89d6682bf4/rpds_py-0.27.1-cp313-cp313-macosx_11_0_arm64.whl", hash = "sha256:1441811a96eadca93c517d08df75de45e5ffe68aa3089924f963c782c4b898cf", size = 345574 },
    { url = "https://files.pythonhosted.org/packages/20/42/ee2b2ca114294cd9847d0ef9c26d2b0851b2e7e00bf14cc4c0b581df0fc3/rpds_py-0.27.1-cp313-cp313-manylinux_2_17_aarch64.manylinux2014_aarch64.whl", hash = "sha256:55266dafa22e672f5a4f65019015f90336ed31c6383bd53f5e7826d21a0e0b83", size = 385051 },
    { url = "https://files.pythonhosted.org/packages/fd/e8/1e430fe311e4799e02e2d1af7c765f024e95e17d651612425b226705f910/rpds_py-0.27.1-cp313-cp313-manylinux_2_17_armv7l.manylinux2014_armv7l.whl", hash = "sha256:d78827d7ac08627ea2c8e02c9e5b41180ea5ea1f747e9db0915e3adf36b62dcf", size = 398395 },
    { url = "https://files.pythonhosted.org/packages/82/95/9dc227d441ff2670651c27a739acb2535ccaf8b351a88d78c088965e5996/rpds_py-0.27.1-cp313-cp313-manylinux_2_17_ppc64le.manylinux2014_ppc64le.whl", hash = "sha256:ae92443798a40a92dc5f0b01d8a7c93adde0c4dc965310a29ae7c64d72b9fad2", size = 524334 },
    { url = "https://files.pythonhosted.org/packages/87/01/a670c232f401d9ad461d9a332aa4080cd3cb1d1df18213dbd0d2a6a7ab51/rpds_py-0.27.1-cp313-cp313-manylinux_2_17_s390x.manylinux2014_s390x.whl", hash = "sha256:c46c9dd2403b66a2a3b9720ec4b74d4ab49d4fabf9f03dfdce2d42af913fe8d0", size = 407691 },
    { url = "https://files.pythonhosted.org/packages/03/36/0a14aebbaa26fe7fab4780c76f2239e76cc95a0090bdb25e31d95c492fcd/rpds_py-0.27.1-cp313-cp313-manylinux_2_17_x86_64.manylinux2014_x86_64.whl", hash = "sha256:2efe4eb1d01b7f5f1939f4ef30ecea6c6b3521eec451fb93191bf84b2a522418", size = 386868 },
    { url = "https://files.pythonhosted.org/packages/3b/03/8c897fb8b5347ff6c1cc31239b9611c5bf79d78c984430887a353e1409a1/rpds_py-0.27.1-cp313-cp313-manylinux_2_31_riscv64.whl", hash = "sha256:15d3b4d83582d10c601f481eca29c3f138d44c92187d197aff663a269197c02d", size = 405469 },
    { url = "https://files.pythonhosted.org/packages/da/07/88c60edc2df74850d496d78a1fdcdc7b54360a7f610a4d50008309d41b94/rpds_py-0.27.1-cp313-cp313-manylinux_2_5_i686.manylinux1_i686.whl", hash = "sha256:4ed2e16abbc982a169d30d1a420274a709949e2cbdef119fe2ec9d870b42f274", size = 422125 },
    { url = "https://files.pythonhosted.org/packages/6b/86/5f4c707603e41b05f191a749984f390dabcbc467cf833769b47bf14ba04f/rpds_py-0.27.1-cp313-cp313-musllinux_1_2_aarch64.whl", hash = "sha256:a75f305c9b013289121ec0f1181931975df78738cdf650093e6b86d74aa7d8dd", size = 562341 },
    { url = "https://files.pythonhosted.org/packages/b2/92/3c0cb2492094e3cd9baf9e49bbb7befeceb584ea0c1a8b5939dca4da12e5/rpds_py-0.27.1-cp313-cp313-musllinux_1_2_i686.whl", hash = "sha256:67ce7620704745881a3d4b0ada80ab4d99df390838839921f99e63c474f82cf2", size = 592511 },
    { url = "https://files.pythonhosted.org/packages/10/bb/82e64fbb0047c46a168faa28d0d45a7851cd0582f850b966811d30f67ad8/rpds_py-0.27.1-cp313-cp313-musllinux_1_2_x86_64.whl", hash = "sha256:9d992ac10eb86d9b6f369647b6a3f412fc0075cfd5d799530e84d335e440a002", size = 557736 },
    { url = "https://files.pythonhosted.org/packages/00/95/3c863973d409210da7fb41958172c6b7dbe7fc34e04d3cc1f10bb85e979f/rpds_py-0.27.1-cp313-cp313-win32.whl", hash = "sha256:4f75e4bd8ab8db624e02c8e2fc4063021b58becdbe6df793a8111d9343aec1e3", size = 221462 },
    { url = "https://files.pythonhosted.org/packages/ce/2c/5867b14a81dc217b56d95a9f2a40fdbc56a1ab0181b80132beeecbd4b2d6/rpds_py-0.27.1-cp313-cp313-win_amd64.whl", hash = "sha256:f9025faafc62ed0b75a53e541895ca272815bec18abe2249ff6501c8f2e12b83", size = 232034 },
    { url = "https://files.pythonhosted.org/packages/c7/78/3958f3f018c01923823f1e47f1cc338e398814b92d83cd278364446fac66/rpds_py-0.27.1-cp313-cp313-win_arm64.whl", hash = "sha256:ed10dc32829e7d222b7d3b93136d25a406ba9788f6a7ebf6809092da1f4d279d", size = 222392 },
    { url = "https://files.pythonhosted.org/packages/01/76/1cdf1f91aed5c3a7bf2eba1f1c4e4d6f57832d73003919a20118870ea659/rpds_py-0.27.1-cp313-cp313t-macosx_10_12_x86_64.whl", hash = "sha256:92022bbbad0d4426e616815b16bc4127f83c9a74940e1ccf3cfe0b387aba0228", size = 358355 },
    { url = "https://files.pythonhosted.org/packages/c3/6f/bf142541229374287604caf3bb2a4ae17f0a580798fd72d3b009b532db4e/rpds_py-0.27.1-cp313-cp313t-macosx_11_0_arm64.whl", hash = "sha256:47162fdab9407ec3f160805ac3e154df042e577dd53341745fc7fb3f625e6d92", size = 342138 },
    { url = "https://files.pythonhosted.org/packages/1a/77/355b1c041d6be40886c44ff5e798b4e2769e497b790f0f7fd1e78d17e9a8/rpds_py-0.27.1-cp313-cp313t-manylinux_2_17_aarch64.manylinux2014_aarch64.whl", hash = "sha256:fb89bec23fddc489e5d78b550a7b773557c9ab58b7946154a10a6f7a214a48b2", size = 380247 },
    { url = "https://files.pythonhosted.org/packages/d6/a4/d9cef5c3946ea271ce2243c51481971cd6e34f21925af2783dd17b26e815/rpds_py-0.27.1-cp313-cp313t-manylinux_2_17_armv7l.manylinux2014_armv7l.whl", hash = "sha256:e48af21883ded2b3e9eb48cb7880ad8598b31ab752ff3be6457001d78f416723", size = 390699 },
    { url = "https://files.pythonhosted.org/packages/3a/06/005106a7b8c6c1a7e91b73169e49870f4af5256119d34a361ae5240a0c1d/rpds_py-0.27.1-cp313-cp313t-manylinux_2_17_ppc64le.manylinux2014_ppc64le.whl", hash = "sha256:6f5b7bd8e219ed50299e58551a410b64daafb5017d54bbe822e003856f06a802", size = 521852 },
    { url = "https://files.pythonhosted.org/packages/e5/3e/50fb1dac0948e17a02eb05c24510a8fe12d5ce8561c6b7b7d1339ab7ab9c/rpds_py-0.27.1-cp313-cp313t-manylinux_2_17_s390x.manylinux2014_s390x.whl", hash = "sha256:08f1e20bccf73b08d12d804d6e1c22ca5530e71659e6673bce31a6bb71c1e73f", size = 402582 },
    { url = "https://files.pythonhosted.org/packages/cb/b0/f4e224090dc5b0ec15f31a02d746ab24101dd430847c4d99123798661bfc/rpds_py-0.27.1-cp313-cp313t-manylinux_2_17_x86_64.manylinux2014_x86_64.whl", hash = "sha256:0dc5dceeaefcc96dc192e3a80bbe1d6c410c469e97bdd47494a7d930987f18b2", size = 384126 },
    { url = "https://files.pythonhosted.org/packages/54/77/ac339d5f82b6afff1df8f0fe0d2145cc827992cb5f8eeb90fc9f31ef7a63/rpds_py-0.27.1-cp313-cp313t-manylinux_2_31_riscv64.whl", hash = "sha256:d76f9cc8665acdc0c9177043746775aa7babbf479b5520b78ae4002d889f5c21", size = 399486 },
    { url = "https://files.pythonhosted.org/packages/d6/29/3e1c255eee6ac358c056a57d6d6869baa00a62fa32eea5ee0632039c50a3/rpds_py-0.27.1-cp313-cp313t-manylinux_2_5_i686.manylinux1_i686.whl", hash = "sha256:134fae0e36022edad8290a6661edf40c023562964efea0cc0ec7f5d392d2aaef", size = 414832 },
    { url = "https://files.pythonhosted.org/packages/3f/db/6d498b844342deb3fa1d030598db93937a9964fcf5cb4da4feb5f17be34b/rpds_py-0.27.1-cp313-cp313t-musllinux_1_2_aarch64.whl", hash = "sha256:eb11a4f1b2b63337cfd3b4d110af778a59aae51c81d195768e353d8b52f88081", size = 557249 },
    { url = "https://files.pythonhosted.org/packages/60/f3/690dd38e2310b6f68858a331399b4d6dbb9132c3e8ef8b4333b96caf403d/rpds_py-0.27.1-cp313-cp313t-musllinux_1_2_i686.whl", hash = "sha256:13e608ac9f50a0ed4faec0e90ece76ae33b34c0e8656e3dceb9a7db994c692cd", size = 587356 },
    { url = "https://files.pythonhosted.org/packages/86/e3/84507781cccd0145f35b1dc32c72675200c5ce8d5b30f813e49424ef68fc/rpds_py-0.27.1-cp313-cp313t-musllinux_1_2_x86_64.whl", hash = "sha256:dd2135527aa40f061350c3f8f89da2644de26cd73e4de458e79606384f4f68e7", size = 555300 },
    { url = "https://files.pythonhosted.org/packages/e5/ee/375469849e6b429b3516206b4580a79e9ef3eb12920ddbd4492b56eaacbe/rpds_py-0.27.1-cp313-cp313t-win32.whl", hash = "sha256:3020724ade63fe320a972e2ffd93b5623227e684315adce194941167fee02688", size = 216714 },
    { url = "https://files.pythonhosted.org/packages/21/87/3fc94e47c9bd0742660e84706c311a860dcae4374cf4a03c477e23ce605a/rpds_py-0.27.1-cp313-cp313t-win_amd64.whl", hash = "sha256:8ee50c3e41739886606388ba3ab3ee2aae9f35fb23f833091833255a31740797", size = 228943 },
    { url = "https://files.pythonhosted.org/packages/70/36/b6e6066520a07cf029d385de869729a895917b411e777ab1cde878100a1d/rpds_py-0.27.1-cp314-cp314-macosx_10_12_x86_64.whl", hash = "sha256:acb9aafccaae278f449d9c713b64a9e68662e7799dbd5859e2c6b3c67b56d334", size = 362472 },
    { url = "https://files.pythonhosted.org/packages/af/07/b4646032e0dcec0df9c73a3bd52f63bc6c5f9cda992f06bd0e73fe3fbebd/rpds_py-0.27.1-cp314-cp314-macosx_11_0_arm64.whl", hash = "sha256:b7fb801aa7f845ddf601c49630deeeccde7ce10065561d92729bfe81bd21fb33", size = 345676 },
    { url = "https://files.pythonhosted.org/packages/b0/16/2f1003ee5d0af4bcb13c0cf894957984c32a6751ed7206db2aee7379a55e/rpds_py-0.27.1-cp314-cp314-manylinux_2_17_aarch64.manylinux2014_aarch64.whl", hash = "sha256:fe0dd05afb46597b9a2e11c351e5e4283c741237e7f617ffb3252780cca9336a", size = 385313 },
    { url = "https://files.pythonhosted.org/packages/05/cd/7eb6dd7b232e7f2654d03fa07f1414d7dfc980e82ba71e40a7c46fd95484/rpds_py-0.27.1-cp314-cp314-manylinux_2_17_armv7l.manylinux2014_armv7l.whl", hash = "sha256:b6dfb0e058adb12d8b1d1b25f686e94ffa65d9995a5157afe99743bf7369d62b", size = 399080 },
    { url = "https://files.pythonhosted.org/packages/20/51/5829afd5000ec1cb60f304711f02572d619040aa3ec033d8226817d1e571/rpds_py-0.27.1-cp314-cp314-manylinux_2_17_ppc64le.manylinux2014_ppc64le.whl", hash = "sha256:ed090ccd235f6fa8bb5861684567f0a83e04f52dfc2e5c05f2e4b1309fcf85e7", size = 523868 },
    { url = "https://files.pythonhosted.org/packages/05/2c/30eebca20d5db95720ab4d2faec1b5e4c1025c473f703738c371241476a2/rpds_py-0.27.1-cp314-cp314-manylinux_2_17_s390x.manylinux2014_s390x.whl", hash = "sha256:bf876e79763eecf3e7356f157540d6a093cef395b65514f17a356f62af6cc136", size = 408750 },
    { url = "https://files.pythonhosted.org/packages/90/1a/cdb5083f043597c4d4276eae4e4c70c55ab5accec078da8611f24575a367/rpds_py-0.27.1-cp314-cp314-manylinux_2_17_x86_64.manylinux2014_x86_64.whl", hash = "sha256:12ed005216a51b1d6e2b02a7bd31885fe317e45897de81d86dcce7d74618ffff", size = 387688 },
    { url = "https://files.pythonhosted.org/packages/7c/92/cf786a15320e173f945d205ab31585cc43969743bb1a48b6888f7a2b0a2d/rpds_py-0.27.1-cp314-cp314-manylinux_2_31_riscv64.whl", hash = "sha256:ee4308f409a40e50593c7e3bb8cbe0b4d4c66d1674a316324f0c2f5383b486f9", size = 407225 },
    { url = "https://files.pythonhosted.org/packages/33/5c/85ee16df5b65063ef26017bef33096557a4c83fbe56218ac7cd8c235f16d/rpds_py-0.27.1-cp314-cp314-manylinux_2_5_i686.manylinux1_i686.whl", hash = "sha256:0b08d152555acf1f455154d498ca855618c1378ec810646fcd7c76416ac6dc60", size = 423361 },
    { url = "https://files.pythonhosted.org/packages/4b/8e/1c2741307fcabd1a334ecf008e92c4f47bb6f848712cf15c923becfe82bb/rpds_py-0.27.1-cp314-cp314-musllinux_1_2_aarch64.whl", hash = "sha256:dce51c828941973a5684d458214d3a36fcd28da3e1875d659388f4f9f12cc33e", size = 562493 },
    { url = "https://files.pythonhosted.org/packages/04/03/5159321baae9b2222442a70c1f988cbbd66b9be0675dd3936461269be360/rpds_py-0.27.1-cp314-cp314-musllinux_1_2_i686.whl", hash = "sha256:c1476d6f29eb81aa4151c9a31219b03f1f798dc43d8af1250a870735516a1212", size = 592623 },
    { url = "https://files.pythonhosted.org/packages/ff/39/c09fd1ad28b85bc1d4554a8710233c9f4cefd03d7717a1b8fbfd171d1167/rpds_py-0.27.1-cp314-cp314-musllinux_1_2_x86_64.whl", hash = "sha256:3ce0cac322b0d69b63c9cdb895ee1b65805ec9ffad37639f291dd79467bee675", size = 558800 },
    { url = "https://files.pythonhosted.org/packages/c5/d6/99228e6bbcf4baa764b18258f519a9035131d91b538d4e0e294313462a98/rpds_py-0.27.1-cp314-cp314-win32.whl", hash = "sha256:dfbfac137d2a3d0725758cd141f878bf4329ba25e34979797c89474a89a8a3a3", size = 221943 },
    { url = "https://files.pythonhosted.org/packages/be/07/c802bc6b8e95be83b79bdf23d1aa61d68324cb1006e245d6c58e959e314d/rpds_py-0.27.1-cp314-cp314-win_amd64.whl", hash = "sha256:a6e57b0abfe7cc513450fcf529eb486b6e4d3f8aee83e92eb5f1ef848218d456", size = 233739 },
    { url = "https://files.pythonhosted.org/packages/c8/89/3e1b1c16d4c2d547c5717377a8df99aee8099ff050f87c45cb4d5fa70891/rpds_py-0.27.1-cp314-cp314-win_arm64.whl", hash = "sha256:faf8d146f3d476abfee026c4ae3bdd9ca14236ae4e4c310cbd1cf75ba33d24a3", size = 223120 },
    { url = "https://files.pythonhosted.org/packages/62/7e/dc7931dc2fa4a6e46b2a4fa744a9fe5c548efd70e0ba74f40b39fa4a8c10/rpds_py-0.27.1-cp314-cp314t-macosx_10_12_x86_64.whl", hash = "sha256:ba81d2b56b6d4911ce735aad0a1d4495e808b8ee4dc58715998741a26874e7c2", size = 358944 },
    { url = "https://files.pythonhosted.org/packages/e6/22/4af76ac4e9f336bfb1a5f240d18a33c6b2fcaadb7472ac7680576512b49a/rpds_py-0.27.1-cp314-cp314t-macosx_11_0_arm64.whl", hash = "sha256:84f7d509870098de0e864cad0102711c1e24e9b1a50ee713b65928adb22269e4", size = 342283 },
    { url = "https://files.pythonhosted.org/packages/1c/15/2a7c619b3c2272ea9feb9ade67a45c40b3eeb500d503ad4c28c395dc51b4/rpds_py-0.27.1-cp314-cp314t-manylinux_2_17_aarch64.manylinux2014_aarch64.whl", hash = "sha256:a9e960fc78fecd1100539f14132425e1d5fe44ecb9239f8f27f079962021523e", size = 380320 },
    { url = "https://files.pythonhosted.org/packages/a2/7d/4c6d243ba4a3057e994bb5bedd01b5c963c12fe38dde707a52acdb3849e7/rpds_py-0.27.1-cp314-cp314t-manylinux_2_17_armv7l.manylinux2014_armv7l.whl", hash = "sha256:62f85b665cedab1a503747617393573995dac4600ff51869d69ad2f39eb5e817", size = 391760 },
    { url = "https://files.pythonhosted.org/packages/b4/71/b19401a909b83bcd67f90221330bc1ef11bc486fe4e04c24388d28a618ae/rpds_py-0.27.1-cp314-cp314t-manylinux_2_17_ppc64le.manylinux2014_ppc64le.whl", hash = "sha256:fed467af29776f6556250c9ed85ea5a4dd121ab56a5f8b206e3e7a4c551e48ec", size = 522476 },
    { url = "https://files.pythonhosted.org/packages/e4/44/1a3b9715c0455d2e2f0f6df5ee6d6f5afdc423d0773a8a682ed2b43c566c/rpds_py-0.27.1-cp314-cp314t-manylinux_2_17_s390x.manylinux2014_s390x.whl", hash = "sha256:f2729615f9d430af0ae6b36cf042cb55c0936408d543fb691e1a9e36648fd35a", size = 403418 },
    { url = "https://files.pythonhosted.org/packages/1c/4b/fb6c4f14984eb56673bc868a66536f53417ddb13ed44b391998100a06a96/rpds_py-0.27.1-cp314-cp314t-manylinux_2_17_x86_64.manylinux2014_x86_64.whl", hash = "sha256:1b207d881a9aef7ba753d69c123a35d96ca7cb808056998f6b9e8747321f03b8", size = 384771 },
    { url = "https://files.pythonhosted.org/packages/c0/56/d5265d2d28b7420d7b4d4d85cad8ef891760f5135102e60d5c970b976e41/rpds_py-0.27.1-cp314-cp314t-manylinux_2_31_riscv64.whl", hash = "sha256:639fd5efec029f99b79ae47e5d7e00ad8a773da899b6309f6786ecaf22948c48", size = 400022 },
    { url = "https://files.pythonhosted.org/packages/8f/e9/9f5fc70164a569bdd6ed9046486c3568d6926e3a49bdefeeccfb18655875/rpds_py-0.27.1-cp314-cp314t-manylinux_2_5_i686.manylinux1_i686.whl", hash = "sha256:fecc80cb2a90e28af8a9b366edacf33d7a91cbfe4c2c4544ea1246e949cfebeb", size = 416787 },
    { url = "https://files.pythonhosted.org/packages/d4/64/56dd03430ba491db943a81dcdef115a985aac5f44f565cd39a00c766d45c/rpds_py-0.27.1-cp314-cp314t-musllinux_1_2_aarch64.whl", hash = "sha256:42a89282d711711d0a62d6f57d81aa43a1368686c45bc1c46b7f079d55692734", size = 557538 },
    { url = "https://files.pythonhosted.org/packages/3f/36/92cc885a3129993b1d963a2a42ecf64e6a8e129d2c7cc980dbeba84e55fb/rpds_py-0.27.1-cp314-cp314t-musllinux_1_2_i686.whl", hash = "sha256:cf9931f14223de59551ab9d38ed18d92f14f055a5f78c1d8ad6493f735021bbb", size = 588512 },
    { url = "https://files.pythonhosted.org/packages/dd/10/6b283707780a81919f71625351182b4f98932ac89a09023cb61865136244/rpds_py-0.27.1-cp314-cp314t-musllinux_1_2_x86_64.whl", hash = "sha256:f39f58a27cc6e59f432b568ed8429c7e1641324fbe38131de852cd77b2d534b0", size = 555813 },
    { url = "https://files.pythonhosted.org/packages/04/2e/30b5ea18c01379da6272a92825dd7e53dc9d15c88a19e97932d35d430ef7/rpds_py-0.27.1-cp314-cp314t-win32.whl", hash = "sha256:d5fa0ee122dc09e23607a28e6d7b150da16c662e66409bbe85230e4c85bb528a", size = 217385 },
    { url = "https://files.pythonhosted.org/packages/32/7d/97119da51cb1dd3f2f3c0805f155a3aa4a95fa44fe7d78ae15e69edf4f34/rpds_py-0.27.1-cp314-cp314t-win_amd64.whl", hash = "sha256:6567d2bb951e21232c2f660c24cf3470bb96de56cdcb3f071a83feeaff8a2772", size = 230097 },
    { url = "https://files.pythonhosted.org/packages/7f/6c/252e83e1ce7583c81f26d1d884b2074d40a13977e1b6c9c50bbf9a7f1f5a/rpds_py-0.27.1-cp39-cp39-macosx_10_12_x86_64.whl", hash = "sha256:c918c65ec2e42c2a78d19f18c553d77319119bf43aa9e2edf7fb78d624355527", size = 372140 },
    { url = "https://files.pythonhosted.org/packages/9d/71/949c195d927c5aeb0d0629d329a20de43a64c423a6aa53836290609ef7ec/rpds_py-0.27.1-cp39-cp39-macosx_11_0_arm64.whl", hash = "sha256:1fea2b1a922c47c51fd07d656324531adc787e415c8b116530a1d29c0516c62d", size = 354086 },
    { url = "https://files.pythonhosted.org/packages/9f/02/e43e332ad8ce4f6c4342d151a471a7f2900ed1d76901da62eb3762663a71/rpds_py-0.27.1-cp39-cp39-manylinux_2_17_aarch64.manylinux2014_aarch64.whl", hash = "sha256:bbf94c58e8e0cd6b6f38d8de67acae41b3a515c26169366ab58bdca4a6883bb8", size = 382117 },
    { url = "https://files.pythonhosted.org/packages/d0/05/b0fdeb5b577197ad72812bbdfb72f9a08fa1e64539cc3940b1b781cd3596/rpds_py-0.27.1-cp39-cp39-manylinux_2_17_armv7l.manylinux2014_armv7l.whl", hash = "sha256:c2a8fed130ce946d5c585eddc7c8eeef0051f58ac80a8ee43bd17835c144c2cc", size = 394520 },
    { url = "https://files.pythonhosted.org/packages/67/1f/4cfef98b2349a7585181e99294fa2a13f0af06902048a5d70f431a66d0b9/rpds_py-0.27.1-cp39-cp39-manylinux_2_17_ppc64le.manylinux2014_ppc64le.whl", hash = "sha256:037a2361db72ee98d829bc2c5b7cc55598ae0a5e0ec1823a56ea99374cfd73c1", size = 522657 },
    { url = "https://files.pythonhosted.org/packages/44/55/ccf37ddc4c6dce7437b335088b5ca18da864b334890e2fe9aa6ddc3f79a9/rpds_py-0.27.1-cp39-cp39-manylinux_2_17_s390x.manylinux2014_s390x.whl", hash = "sha256:5281ed1cc1d49882f9997981c88df1a22e140ab41df19071222f7e5fc4e72125", size = 402967 },
    { url = "https://files.pythonhosted.org/packages/74/e5/5903f92e41e293b07707d5bf00ef39a0eb2af7190aff4beaf581a6591510/rpds_py-0.27.1-cp39-cp39-manylinux_2_17_x86_64.manylinux2014_x86_64.whl", hash = "sha256:2fd50659a069c15eef8aa3d64bbef0d69fd27bb4a50c9ab4f17f83a16cbf8905", size = 384372 },
    { url = "https://files.pythonhosted.org/packages/8f/e3/fbb409e18aeefc01e49f5922ac63d2d914328430e295c12183ce56ebf76b/rpds_py-0.27.1-cp39-cp39-manylinux_2_31_riscv64.whl", hash = "sha256:c4b676c4ae3921649a15d28ed10025548e9b561ded473aa413af749503c6737e", size = 401264 },
    { url = "https://files.pythonhosted.org/packages/55/79/529ad07794e05cb0f38e2f965fc5bb20853d523976719400acecc447ec9d/rpds_py-0.27.1-cp39-cp39-manylinux_2_5_i686.manylinux1_i686.whl", hash = "sha256:079bc583a26db831a985c5257797b2b5d3affb0386e7ff886256762f82113b5e", size = 418691 },
    { url = "https://files.pythonhosted.org/packages/33/39/6554a7fd6d9906fda2521c6d52f5d723dca123529fb719a5b5e074c15e01/rpds_py-0.27.1-cp39-cp39-musllinux_1_2_aarch64.whl", hash = "sha256:4e44099bd522cba71a2c6b97f68e19f40e7d85399de899d66cdb67b32d7cb786", size = 558989 },
    { url = "https://files.pythonhosted.org/packages/19/b2/76fa15173b6f9f445e5ef15120871b945fb8dd9044b6b8c7abe87e938416/rpds_py-0.27.1-cp39-cp39-musllinux_1_2_i686.whl", hash = "sha256:e202e6d4188e53c6661af813b46c37ca2c45e497fc558bacc1a7630ec2695aec", size = 589835 },
    { url = "https://files.pythonhosted.org/packages/ee/9e/5560a4b39bab780405bed8a88ee85b30178061d189558a86003548dea045/rpds_py-0.27.1-cp39-cp39-musllinux_1_2_x86_64.whl", hash = "sha256:f41f814b8eaa48768d1bb551591f6ba45f87ac76899453e8ccd41dba1289b04b", size = 555227 },
    { url = "https://files.pythonhosted.org/packages/52/d7/cd9c36215111aa65724c132bf709c6f35175973e90b32115dedc4ced09cb/rpds_py-0.27.1-cp39-cp39-win32.whl", hash = "sha256:9e71f5a087ead99563c11fdaceee83ee982fd39cf67601f4fd66cb386336ee52", size = 217899 },
    { url = "https://files.pythonhosted.org/packages/5b/e0/d75ab7b4dd8ba777f6b365adbdfc7614bbfe7c5f05703031dfa4b61c3d6c/rpds_py-0.27.1-cp39-cp39-win_amd64.whl", hash = "sha256:71108900c9c3c8590697244b9519017a400d9ba26a36c48381b3f64743a44aab", size = 228725 },
    { url = "https://files.pythonhosted.org/packages/d5/63/b7cc415c345625d5e62f694ea356c58fb964861409008118f1245f8c3347/rpds_py-0.27.1-pp310-pypy310_pp73-macosx_10_12_x86_64.whl", hash = "sha256:7ba22cb9693df986033b91ae1d7a979bc399237d45fccf875b76f62bb9e52ddf", size = 371360 },
    { url = "https://files.pythonhosted.org/packages/e5/8c/12e1b24b560cf378b8ffbdb9dc73abd529e1adcfcf82727dfd29c4a7b88d/rpds_py-0.27.1-pp310-pypy310_pp73-macosx_11_0_arm64.whl", hash = "sha256:5b640501be9288c77738b5492b3fd3abc4ba95c50c2e41273c8a1459f08298d3", size = 353933 },
    { url = "https://files.pythonhosted.org/packages/9b/85/1bb2210c1f7a1b99e91fea486b9f0f894aa5da3a5ec7097cbad7dec6d40f/rpds_py-0.27.1-pp310-pypy310_pp73-manylinux_2_17_aarch64.manylinux2014_aarch64.whl", hash = "sha256:fb08b65b93e0c6dd70aac7f7890a9c0938d5ec71d5cb32d45cf844fb8ae47636", size = 382962 },
    { url = "https://files.pythonhosted.org/packages/cc/c9/a839b9f219cf80ed65f27a7f5ddbb2809c1b85c966020ae2dff490e0b18e/rpds_py-0.27.1-pp310-pypy310_pp73-manylinux_2_17_armv7l.manylinux2014_armv7l.whl", hash = "sha256:d7ff07d696a7a38152ebdb8212ca9e5baab56656749f3d6004b34ab726b550b8", size = 394412 },
    { url = "https://files.pythonhosted.org/packages/02/2d/b1d7f928b0b1f4fc2e0133e8051d199b01d7384875adc63b6ddadf3de7e5/rpds_py-0.27.1-pp310-pypy310_pp73-manylinux_2_17_ppc64le.manylinux2014_ppc64le.whl", hash = "sha256:fb7c72262deae25366e3b6c0c0ba46007967aea15d1eea746e44ddba8ec58dcc", size = 523972 },
    { url = "https://files.pythonhosted.org/packages/a9/af/2cbf56edd2d07716df1aec8a726b3159deb47cb5c27e1e42b71d705a7c2f/rpds_py-0.27.1-pp310-pypy310_pp73-manylinux_2_17_s390x.manylinux2014_s390x.whl", hash = "sha256:7b002cab05d6339716b03a4a3a2ce26737f6231d7b523f339fa061d53368c9d8", size = 403273 },
    { url = "https://files.pythonhosted.org/packages/c0/93/425e32200158d44ff01da5d9612c3b6711fe69f606f06e3895511f17473b/rpds_py-0.27.1-pp310-pypy310_pp73-manylinux_2_17_x86_64.manylinux2014_x86_64.whl", hash = "sha256:23f6b69d1c26c4704fec01311963a41d7de3ee0570a84ebde4d544e5a1859ffc", size = 385278 },
    { url = "https://files.pythonhosted.org/packages/eb/1a/1a04a915ecd0551bfa9e77b7672d1937b4b72a0fc204a17deef76001cfb2/rpds_py-0.27.1-pp310-pypy310_pp73-manylinux_2_31_riscv64.whl", hash = "sha256:530064db9146b247351f2a0250b8f00b289accea4596a033e94be2389977de71", size = 402084 },
    { url = "https://files.pythonhosted.org/packages/51/f7/66585c0fe5714368b62951d2513b684e5215beaceab2c6629549ddb15036/rpds_py-0.27.1-pp310-pypy310_pp73-manylinux_2_5_i686.manylinux1_i686.whl", hash = "sha256:7b90b0496570bd6b0321724a330d8b545827c4df2034b6ddfc5f5275f55da2ad", size = 419041 },
    { url = "https://files.pythonhosted.org/packages/8e/7e/83a508f6b8e219bba2d4af077c35ba0e0cdd35a751a3be6a7cba5a55ad71/rpds_py-0.27.1-pp310-pypy310_pp73-musllinux_1_2_aarch64.whl", hash = "sha256:879b0e14a2da6a1102a3fc8af580fc1ead37e6d6692a781bd8c83da37429b5ab", size = 560084 },
    { url = "https://files.pythonhosted.org/packages/66/66/bb945683b958a1b19eb0fe715594630d0f36396ebdef4d9b89c2fa09aa56/rpds_py-0.27.1-pp310-pypy310_pp73-musllinux_1_2_i686.whl", hash = "sha256:0d807710df3b5faa66c731afa162ea29717ab3be17bdc15f90f2d9f183da4059", size = 590115 },
    { url = "https://files.pythonhosted.org/packages/12/00/ccfaafaf7db7e7adace915e5c2f2c2410e16402561801e9c7f96683002d3/rpds_py-0.27.1-pp310-pypy310_pp73-musllinux_1_2_x86_64.whl", hash = "sha256:3adc388fc3afb6540aec081fa59e6e0d3908722771aa1e37ffe22b220a436f0b", size = 556561 },
    { url = "https://files.pythonhosted.org/packages/e1/b7/92b6ed9aad103bfe1c45df98453dfae40969eef2cb6c6239c58d7e96f1b3/rpds_py-0.27.1-pp310-pypy310_pp73-win_amd64.whl", hash = "sha256:c796c0c1cc68cb08b0284db4229f5af76168172670c74908fdbd4b7d7f515819", size = 229125 },
    { url = "https://files.pythonhosted.org/packages/0c/ed/e1fba02de17f4f76318b834425257c8ea297e415e12c68b4361f63e8ae92/rpds_py-0.27.1-pp311-pypy311_pp73-macosx_10_12_x86_64.whl", hash = "sha256:cdfe4bb2f9fe7458b7453ad3c33e726d6d1c7c0a72960bcc23800d77384e42df", size = 371402 },
    { url = "https://files.pythonhosted.org/packages/af/7c/e16b959b316048b55585a697e94add55a4ae0d984434d279ea83442e460d/rpds_py-0.27.1-pp311-pypy311_pp73-macosx_11_0_arm64.whl", hash = "sha256:8fabb8fd848a5f75a2324e4a84501ee3a5e3c78d8603f83475441866e60b94a3", size = 354084 },
    { url = "https://files.pythonhosted.org/packages/de/c1/ade645f55de76799fdd08682d51ae6724cb46f318573f18be49b1e040428/rpds_py-0.27.1-pp311-pypy311_pp73-manylinux_2_17_aarch64.manylinux2014_aarch64.whl", hash = "sha256:eda8719d598f2f7f3e0f885cba8646644b55a187762bec091fa14a2b819746a9", size = 383090 },
    { url = "https://files.pythonhosted.org/packages/1f/27/89070ca9b856e52960da1472efcb6c20ba27cfe902f4f23ed095b9cfc61d/rpds_py-0.27.1-pp311-pypy311_pp73-manylinux_2_17_armv7l.manylinux2014_armv7l.whl", hash = "sha256:3c64d07e95606ec402a0a1c511fe003873fa6af630bda59bac77fac8b4318ebc", size = 394519 },
    { url = "https://files.pythonhosted.org/packages/b3/28/be120586874ef906aa5aeeae95ae8df4184bc757e5b6bd1c729ccff45ed5/rpds_py-0.27.1-pp311-pypy311_pp73-manylinux_2_17_ppc64le.manylinux2014_ppc64le.whl", hash = "sha256:93a2ed40de81bcff59aabebb626562d48332f3d028ca2036f1d23cbb52750be4", size = 523817 },
    { url = "https://files.pythonhosted.org/packages/a8/ef/70cc197bc11cfcde02a86f36ac1eed15c56667c2ebddbdb76a47e90306da/rpds_py-0.27.1-pp311-pypy311_pp73-manylinux_2_17_s390x.manylinux2014_s390x.whl", hash = "sha256:387ce8c44ae94e0ec50532d9cb0edce17311024c9794eb196b90e1058aadeb66", size = 403240 },
    { url = "https://files.pythonhosted.org/packages/cf/35/46936cca449f7f518f2f4996e0e8344db4b57e2081e752441154089d2a5f/rpds_py-0.27.1-pp311-pypy311_pp73-manylinux_2_17_x86_64.manylinux2014_x86_64.whl", hash = "sha256:aaf94f812c95b5e60ebaf8bfb1898a7d7cb9c1af5744d4a67fa47796e0465d4e", size = 385194 },
    { url = "https://files.pythonhosted.org/packages/e1/62/29c0d3e5125c3270b51415af7cbff1ec587379c84f55a5761cc9efa8cd06/rpds_py-0.27.1-pp311-pypy311_pp73-manylinux_2_31_riscv64.whl", hash = "sha256:4848ca84d6ded9b58e474dfdbad4b8bfb450344c0551ddc8d958bf4b36aa837c", size = 402086 },
    { url = "https://files.pythonhosted.org/packages/8f/66/03e1087679227785474466fdd04157fb793b3b76e3fcf01cbf4c693c1949/rpds_py-0.27.1-pp311-pypy311_pp73-manylinux_2_5_i686.manylinux1_i686.whl", hash = "sha256:2bde09cbcf2248b73c7c323be49b280180ff39fadcfe04e7b6f54a678d02a7cf", size = 419272 },
    { url = "https://files.pythonhosted.org/packages/6a/24/e3e72d265121e00b063aef3e3501e5b2473cf1b23511d56e529531acf01e/rpds_py-0.27.1-pp311-pypy311_pp73-musllinux_1_2_aarch64.whl", hash = "sha256:94c44ee01fd21c9058f124d2d4f0c9dc7634bec93cd4b38eefc385dabe71acbf", size = 560003 },
    { url = "https://files.pythonhosted.org/packages/26/ca/f5a344c534214cc2d41118c0699fffbdc2c1bc7046f2a2b9609765ab9c92/rpds_py-0.27.1-pp311-pypy311_pp73-musllinux_1_2_i686.whl", hash = "sha256:df8b74962e35c9249425d90144e721eed198e6555a0e22a563d29fe4486b51f6", size = 590482 },
    { url = "https://files.pythonhosted.org/packages/ce/08/4349bdd5c64d9d193c360aa9db89adeee6f6682ab8825dca0a3f535f434f/rpds_py-0.27.1-pp311-pypy311_pp73-musllinux_1_2_x86_64.whl", hash = "sha256:dc23e6820e3b40847e2f4a7726462ba0cf53089512abe9ee16318c366494c17a", size = 556523 },
    { url = "https://files.pythonhosted.org/packages/4e/ea/5463cd5048a7a2fcdae308b6e96432802132c141bfb9420260142632a0f1/rpds_py-0.27.1-pp39-pypy39_pp73-macosx_10_12_x86_64.whl", hash = "sha256:aa8933159edc50be265ed22b401125c9eebff3171f570258854dbce3ecd55475", size = 371778 },
    { url = "https://files.pythonhosted.org/packages/0d/c8/f38c099db07f5114029c1467649d308543906933eebbc226d4527a5f4693/rpds_py-0.27.1-pp39-pypy39_pp73-macosx_11_0_arm64.whl", hash = "sha256:a50431bf02583e21bf273c71b89d710e7a710ad5e39c725b14e685610555926f", size = 354394 },
    { url = "https://files.pythonhosted.org/packages/7d/79/b76f97704d9dd8ddbd76fed4c4048153a847c5d6003afe20a6b5c3339065/rpds_py-0.27.1-pp39-pypy39_pp73-manylinux_2_17_aarch64.manylinux2014_aarch64.whl", hash = "sha256:78af06ddc7fe5cc0e967085a9115accee665fb912c22a3f54bad70cc65b05fe6", size = 382348 },
    { url = "https://files.pythonhosted.org/packages/8a/3f/ef23d3c1be1b837b648a3016d5bbe7cfe711422ad110b4081c0a90ef5a53/rpds_py-0.27.1-pp39-pypy39_pp73-manylinux_2_17_armv7l.manylinux2014_armv7l.whl", hash = "sha256:70d0738ef8fee13c003b100c2fbd667ec4f133468109b3472d249231108283a3", size = 394159 },
    { url = "https://files.pythonhosted.org/packages/74/8a/9e62693af1a34fd28b1a190d463d12407bd7cf561748cb4745845d9548d3/rpds_py-0.27.1-pp39-pypy39_pp73-manylinux_2_17_ppc64le.manylinux2014_ppc64le.whl", hash = "sha256:e2f6fd8a1cea5bbe599b6e78a6e5ee08db434fc8ffea51ff201c8765679698b3", size = 522775 },
    { url = "https://files.pythonhosted.org/packages/36/0d/8d5bb122bf7a60976b54c5c99a739a3819f49f02d69df3ea2ca2aff47d5c/rpds_py-0.27.1-pp39-pypy39_pp73-manylinux_2_17_s390x.manylinux2014_s390x.whl", hash = "sha256:8177002868d1426305bb5de1e138161c2ec9eb2d939be38291d7c431c4712df8", size = 402633 },
    { url = "https://files.pythonhosted.org/packages/0f/0e/237948c1f425e23e0cf5a566d702652a6e55c6f8fbd332a1792eb7043daf/rpds_py-0.27.1-pp39-pypy39_pp73-manylinux_2_17_x86_64.manylinux2014_x86_64.whl", hash = "sha256:008b839781d6c9bf3b6a8984d1d8e56f0ec46dc56df61fd669c49b58ae800400", size = 384867 },
    { url = "https://files.pythonhosted.org/packages/d6/0a/da0813efcd998d260cbe876d97f55b0f469ada8ba9cbc47490a132554540/rpds_py-0.27.1-pp39-pypy39_pp73-manylinux_2_31_riscv64.whl", hash = "sha256:a55b9132bb1ade6c734ddd2759c8dc132aa63687d259e725221f106b83a0e485", size = 401791 },
    { url = "https://files.pythonhosted.org/packages/51/78/c6c9e8a8aaca416a6f0d1b6b4a6ee35b88fe2c5401d02235d0a056eceed2/rpds_py-0.27.1-pp39-pypy39_pp73-manylinux_2_5_i686.manylinux1_i686.whl", hash = "sha256:a46fdec0083a26415f11d5f236b79fa1291c32aaa4a17684d82f7017a1f818b1", size = 419525 },
    { url = "https://files.pythonhosted.org/packages/a3/69/5af37e1d71487cf6d56dd1420dc7e0c2732c1b6ff612aa7a88374061c0a8/rpds_py-0.27.1-pp39-pypy39_pp73-musllinux_1_2_aarch64.whl", hash = "sha256:8a63b640a7845f2bdd232eb0d0a4a2dd939bcdd6c57e6bb134526487f3160ec5", size = 559255 },
    { url = "https://files.pythonhosted.org/packages/40/7f/8b7b136069ef7ac3960eda25d832639bdb163018a34c960ed042dd1707c8/rpds_py-0.27.1-pp39-pypy39_pp73-musllinux_1_2_i686.whl", hash = "sha256:7e32721e5d4922deaaf963469d795d5bde6093207c52fec719bd22e5d1bedbc4", size = 590384 },
    { url = "https://files.pythonhosted.org/packages/d8/06/c316d3f6ff03f43ccb0eba7de61376f8ec4ea850067dddfafe98274ae13c/rpds_py-0.27.1-pp39-pypy39_pp73-musllinux_1_2_x86_64.whl", hash = "sha256:2c426b99a068601b5f4623573df7a7c3d72e87533a2dd2253353a03e7502566c", size = 555959 },
    { url = "https://files.pythonhosted.org/packages/60/94/384cf54c430b9dac742bbd2ec26c23feb78ded0d43d6d78563a281aec017/rpds_py-0.27.1-pp39-pypy39_pp73-win_amd64.whl", hash = "sha256:4fc9b7fe29478824361ead6e14e4f5aed570d477e06088826537e202d25fe859", size = 228784 },
]

[[package]]
name = "typing-extensions"
version = "4.15.0"
source = { registry = "https://pypi.org/simple" }
sdist = { url = "https://files.pythonhosted.org/packages/72/94/1a15dd82efb362ac84269196e94cf00f187f7ed21c242792a923cdb1c61f/typing_extensions-4.15.0.tar.gz", hash = "sha256:0cea48d173cc12fa28ecabc3b837ea3cf6f38c6d1136f85cbaaf598984861466", size = 109391 }
wheels = [
    { url = "https://files.pythonhosted.org/packages/18/67/36e9267722cc04a6b9f15c7f3441c2363321a3ea07da7ae0c0707beb2a9c/typing_extensions-4.15.0-py3-none-any.whl", hash = "sha256:f0fa19c6845758ab08074a0cfa8b7aecb71c999ca73d62883bc25cc018c4e548", size = 44614 },
]
