{
  "lockfile-version": 1,
  "manifest": {
    "schema-version": "1.12.0",
    "install": {
      "autoconf": {
        "pkg-path": "autoconf"
      },
      "blst": {
        "pkg-path": "blst",
        "outputs": "all"
      },
      "cabal-install": {
        "pkg-path": "cabal-install"
      },
      "ghc": {
        "pkg-path": "ghc"
      },
      "libsodium": {
        "pkg-path": "libsodium",
        "outputs": "all"
      },
      "libtool": {
        "pkg-path": "libtool"
      },
      "pkg-config": {
        "pkg-path": "pkg-config"
      },
      "python3": {
        "pkg-path": "python3"
      },
      "secp256k1": {
        "pkg-path": "secp256k1",
        "outputs": "all"
      }
    },
    "options": {
      "systems": [
        "aarch64-darwin",
        "x86_64-darwin",
        "aarch64-linux",
        "x86_64-linux"
      ]
    }
  },
  "packages": [
    {
      "attr_path": "autoconf",
      "broken": false,
      "derivation": "/nix/store/qzqqfiki3a3n678xx6xmlxgr2vs1li52-autoconf-2.73.drv",
      "description": "Part of the GNU Build System",
      "install_id": "autoconf",
      "license": "GPL-3.0-or-later",
      "locked_url": "https://github.com/flox/nixpkgs?rev=567a49d1913ce81ac6e9582e3553dd90a955875f",
      "name": "autoconf-2.73",
      "pname": "autoconf",
      "rev": "567a49d1913ce81ac6e9582e3553dd90a955875f",
      "rev_count": 1017464,
      "rev_date": "2026-06-16T02:33:49Z",
      "scrape_date": "2026-06-17T03:13:13.588748Z",
      "stabilities": [
        "unstable"
      ],
      "unfree": false,
      "version": "2.73",
      "outputs_to_install": [
        "out"
      ],
      "outputs": {
        "doc": "/nix/store/gby6jfsjzmjwxwgswlxdx75i57zl2nb7-autoconf-2.73-doc",
        "out": "/nix/store/z81cjs7gbr38jza8a9rslfb9x0nyywn1-autoconf-2.73"
      },
      "system": "aarch64-darwin",
      "group": "toplevel",
      "priority": 5
    },
    {
      "attr_path": "autoconf",
      "broken": false,
      "derivation": "/nix/store/b7q716v4qlk8n72k2h347y2afbdid9fa-autoconf-2.73.drv",
      "description": "Part of the GNU Build System",
      "install_id": "autoconf",
      "license": "GPL-3.0-or-later",
      "locked_url": "https://github.com/flox/nixpkgs?rev=567a49d1913ce81ac6e9582e3553dd90a955875f",
      "name": "autoconf-2.73",
      "pname": "autoconf",
      "rev": "567a49d1913ce81ac6e9582e3553dd90a955875f",
      "rev_count": 1017464,
      "rev_date": "2026-06-16T02:33:49Z",
      "scrape_date": "2026-06-17T03:44:07.888732Z",
      "stabilities": [
        "unstable"
      ],
      "unfree": false,
      "version": "2.73",
      "outputs_to_install": [
        "out"
      ],
      "outputs": {
        "doc": "/nix/store/0bfq3980sll24xkk7i414gsxyw22jl42-autoconf-2.73-doc",
        "out": "/nix/store/d8dbw6kvqzfmdnjv722yriflrx4rlykb-autoconf-2.73"
      },
      "system": "aarch64-linux",
      "group": "toplevel",
      "priority": 5
    },
    {
      "attr_path": "autoconf",
      "broken": false,
      "derivation": "/nix/store/w4x1bajlysc9zsdh707wpwa4xvf2fsyp-autoconf-2.73.drv",
      "description": "Part of the GNU Build System",
      "install_id": "autoconf",
      "license": "GPL-3.0-or-later",
      "locked_url": "https://github.com/flox/nixpkgs?rev=567a49d1913ce81ac6e9582e3553dd90a955875f",
      "name": "autoconf-2.73",
      "pname": "autoconf",
      "rev": "567a49d1913ce81ac6e9582e3553dd90a955875f",
      "rev_count": 1017464,
      "rev_date": "2026-06-16T02:33:49Z",
      "scrape_date": "2026-06-17T04:13:05.842538Z",
      "stabilities": [
        "unstable"
      ],
      "unfree": false,
      "version": "2.73",
      "outputs_to_install": [
        "out"
      ],
      "outputs": {
        "doc": "/nix/store/sp3v3qb440px74xdilwmzlq2mdsdg91j-autoconf-2.73-doc",
        "out": "/nix/store/5lpllx2pbgclzs2zdrss9hfcbwrdwnmb-autoconf-2.73"
      },
      "system": "x86_64-darwin",
      "group": "toplevel",
      "priority": 5
    },
    {
      "attr_path": "autoconf",
      "broken": false,
      "derivation": "/nix/store/31ziv3nbs6zfwwl0n48v7cp04hn2zq82-autoconf-2.73.drv",
      "description": "Part of the GNU Build System",
      "install_id": "autoconf",
      "license": "GPL-3.0-or-later",
      "locked_url": "https://github.com/flox/nixpkgs?rev=567a49d1913ce81ac6e9582e3553dd90a955875f",
      "name": "autoconf-2.73",
      "pname": "autoconf",
      "rev": "567a49d1913ce81ac6e9582e3553dd90a955875f",
      "rev_count": 1017464,
      "rev_date": "2026-06-16T02:33:49Z",
      "scrape_date": "2026-06-17T04:47:03.872766Z",
      "stabilities": [
        "unstable"
      ],
      "unfree": false,
      "version": "2.73",
      "outputs_to_install": [
        "out"
      ],
      "outputs": {
        "doc": "/nix/store/jvf8qvsfkmgqi83cg1fkb3clfwhq4lsg-autoconf-2.73-doc",
        "out": "/nix/store/c3g361js93jz2xx8lx6mnmqg76lghxxh-autoconf-2.73"
      },
      "system": "x86_64-linux",
      "group": "toplevel",
      "priority": 5
    },
    {
      "attr_path": "blst",
      "broken": false,
      "derivation": "/nix/store/a81wp06blzw9177n8h2gzhrfdbvx4zpp-blst-0.3.16.drv",
      "description": "Multilingual BLS12-381 signature library",
      "install_id": "blst",
      "license": "ISC",
      "locked_url": "https://github.com/flox/nixpkgs?rev=567a49d1913ce81ac6e9582e3553dd90a955875f",
      "name": "blst-0.3.16",
      "pname": "blst",
      "rev": "567a49d1913ce81ac6e9582e3553dd90a955875f",
      "rev_count": 1017464,
      "rev_date": "2026-06-16T02:33:49Z",
      "scrape_date": "2026-06-17T03:13:13.684437Z",
      "stabilities": [
        "unstable"
      ],
      "unfree": false,
      "version": "0.3.16",
      "outputs_to_install": [
        "out"
      ],
      "outputs": {
        "out": "/nix/store/5n9iiqf7k4j9xvikinca13zjp0n9f4xh-blst-0.3.16"
      },
      "system": "aarch64-darwin",
      "group": "toplevel",
      "priority": 5
    },
    {
      "attr_path": "blst",
      "broken": false,
      "derivation": "/nix/store/9chcc1mp4zy54xlrqax72b5pvgvbl17a-blst-0.3.16.drv",
      "description": "Multilingual BLS12-381 signature library",
      "install_id": "blst",
      "license": "ISC",
      "locked_url": "https://github.com/flox/nixpkgs?rev=567a49d1913ce81ac6e9582e3553dd90a955875f",
      "name": "blst-0.3.16",
      "pname": "blst",
      "rev": "567a49d1913ce81ac6e9582e3553dd90a955875f",
      "rev_count": 1017464,
      "rev_date": "2026-06-16T02:33:49Z",
      "scrape_date": "2026-06-17T03:44:08.010569Z",
      "stabilities": [
        "unstable"
      ],
      "unfree": false,
      "version": "0.3.16",
      "outputs_to_install": [
        "out"
      ],
      "outputs": {
        "out": "/nix/store/mzdcbayg1xajics9k0d1m7gmf4cvpj63-blst-0.3.16"
      },
      "system": "aarch64-linux",
      "group": "toplevel",
      "priority": 5
    },
    {
      "attr_path": "blst",
      "broken": false,
      "derivation": "/nix/store/z5n7p2lksdzpl50wac031fg88f3yrknq-blst-0.3.16.drv",
      "description": "Multilingual BLS12-381 signature library",
      "install_id": "blst",
      "license": "ISC",
      "locked_url": "https://github.com/flox/nixpkgs?rev=567a49d1913ce81ac6e9582e3553dd90a955875f",
      "name": "blst-0.3.16",
      "pname": "blst",
      "rev": "567a49d1913ce81ac6e9582e3553dd90a955875f",
      "rev_count": 1017464,
      "rev_date": "2026-06-16T02:33:49Z",
      "scrape_date": "2026-06-17T04:13:05.942352Z",
      "stabilities": [
        "unstable"
      ],
      "unfree": false,
      "version": "0.3.16",
      "outputs_to_install": [
        "out"
      ],
      "outputs": {
        "out": "/nix/store/c1g6slahxp2byqvlymdbzvx1nplqk6dd-blst-0.3.16"
      },
      "system": "x86_64-darwin",
      "group": "toplevel",
      "priority": 5
    },
    {
      "attr_path": "blst",
      "broken": false,
      "derivation": "/nix/store/qbazjhqp8i5xq02g0mnfc66jdr62fbi8-blst-0.3.16.drv",
      "description": "Multilingual BLS12-381 signature library",
      "install_id": "blst",
      "license": "ISC",
      "locked_url": "https://github.com/flox/nixpkgs?rev=567a49d1913ce81ac6e9582e3553dd90a955875f",
      "name": "blst-0.3.16",
      "pname": "blst",
      "rev": "567a49d1913ce81ac6e9582e3553dd90a955875f",
      "rev_count": 1017464,
      "rev_date": "2026-06-16T02:33:49Z",
      "scrape_date": "2026-06-17T04:47:04.017833Z",
      "stabilities": [
        "unstable"
      ],
      "unfree": false,
      "version": "0.3.16",
      "outputs_to_install": [
        "out"
      ],
      "outputs": {
        "out": "/nix/store/km1c2fzvy8lp5zn19d3ap4jql1cqqsk6-blst-0.3.16"
      },
      "system": "x86_64-linux",
      "group": "toplevel",
      "priority": 5
    },
    {
      "attr_path": "cabal-install",
      "broken": false,
      "derivation": "/nix/store/si1f5a7mrp24kxfxj9dfigpjhf9d4xl4-cabal-install-3.16.1.0.drv",
      "description": "The command-line interface for Cabal and Hackage",
      "install_id": "cabal-install",
      "license": "BSD-3-Clause",
      "locked_url": "https://github.com/flox/nixpkgs?rev=567a49d1913ce81ac6e9582e3553dd90a955875f",
      "name": "cabal-install-3.16.1.0",
      "pname": "cabal-install",
      "rev": "567a49d1913ce81ac6e9582e3553dd90a955875f",
      "rev_count": 1017464,
      "rev_date": "2026-06-16T02:33:49Z",
      "scrape_date": "2026-06-17T03:13:13.722485Z",
      "stabilities": [
        "unstable"
      ],
      "unfree": false,
      "version": "3.16.1.0",
      "outputs_to_install": [
        "out"
      ],
      "outputs": {
        "out": "/nix/store/i807ld6lmmwagy2nxjv1b5h4dlkfmbh8-cabal-install-3.16.1.0"
      },
      "system": "aarch64-darwin",
      "group": "toplevel",
      "priority": 5
    },
    {
      "attr_path": "cabal-install",
      "broken": false,
      "derivation": "/nix/store/cnmhk72msfj888p8axl00ws23grwmpi6-cabal-install-3.16.1.0.drv",
      "description": "The command-line interface for Cabal and Hackage",
      "install_id": "cabal-install",
      "license": "BSD-3-Clause",
      "locked_url": "https://github.com/flox/nixpkgs?rev=567a49d1913ce81ac6e9582e3553dd90a955875f",
      "name": "cabal-install-3.16.1.0",
      "pname": "cabal-install",
      "rev": "567a49d1913ce81ac6e9582e3553dd90a955875f",
      "rev_count": 1017464,
      "rev_date": "2026-06-16T02:33:49Z",
      "scrape_date": "2026-06-17T03:44:08.072971Z",
      "stabilities": [
        "unstable"
      ],
      "unfree": false,
      "version": "3.16.1.0",
      "outputs_to_install": [
        "out"
      ],
      "outputs": {
        "out": "/nix/store/51swwqyhfmrsr5jw7nwskc911gwy6yxv-cabal-install-3.16.1.0"
      },
      "system": "aarch64-linux",
      "group": "toplevel",
      "priority": 5
    },
    {
      "attr_path": "cabal-install",
      "broken": false,
      "derivation": "/nix/store/8z5dmz9bg7gfk4nykpdxzf4cn82q7bsc-cabal-install-3.16.1.0.drv",
      "description": "The command-line interface for Cabal and Hackage",
      "install_id": "cabal-install",
      "license": "BSD-3-Clause",
      "locked_url": "https://github.com/flox/nixpkgs?rev=567a49d1913ce81ac6e9582e3553dd90a955875f",
      "name": "cabal-install-3.16.1.0",
      "pname": "cabal-install",
      "rev": "567a49d1913ce81ac6e9582e3553dd90a955875f",
      "rev_count": 1017464,
      "rev_date": "2026-06-16T02:33:49Z",
      "scrape_date": "2026-06-17T04:13:05.981708Z",
      "stabilities": [
        "unstable"
      ],
      "unfree": false,
      "version": "3.16.1.0",
      "outputs_to_install": [
        "out"
      ],
      "outputs": {
        "out": "/nix/store/7fvdjsbrhsiqs0w64sw1mxbgllzp8scc-cabal-install-3.16.1.0"
      },
      "system": "x86_64-darwin",
      "group": "toplevel",
      "priority": 5
    },
    {
      "attr_path": "cabal-install",
      "broken": false,
      "derivation": "/nix/store/4dnyqihgs4icwf02y1c27n3awpnci31z-cabal-install-3.16.1.0.drv",
      "description": "The command-line interface for Cabal and Hackage",
      "install_id": "cabal-install",
      "license": "BSD-3-Clause",
      "locked_url": "https://github.com/flox/nixpkgs?rev=567a49d1913ce81ac6e9582e3553dd90a955875f",
      "name": "cabal-install-3.16.1.0",
      "pname": "cabal-install",
      "rev": "567a49d1913ce81ac6e9582e3553dd90a955875f",
      "rev_count": 1017464,
      "rev_date": "2026-06-16T02:33:49Z",
      "scrape_date": "2026-06-17T04:47:04.092769Z",
      "stabilities": [
        "unstable"
      ],
      "unfree": false,
      "version": "3.16.1.0",
      "outputs_to_install": [
        "out"
      ],
      "outputs": {
        "out": "/nix/store/9q4mgybs7ksxv9bdkyiwn1wgpffyj46i-cabal-install-3.16.1.0"
      },
      "system": "x86_64-linux",
      "group": "toplevel",
      "priority": 5
    },
    {
      "attr_path": "ghc",
      "broken": false,
      "derivation": "/nix/store/77rnwmgqcd6ingj1wr85wszqkvspljf9-ghc-9.10.3.drv",
      "description": "Glasgow Haskell Compiler",
      "install_id": "ghc",
      "license": "BSD-3-Clause",
      "locked_url": "https://github.com/flox/nixpkgs?rev=567a49d1913ce81ac6e9582e3553dd90a955875f",
      "name": "ghc-9.10.3",
      "pname": "ghc",
      "rev": "567a49d1913ce81ac6e9582e3553dd90a955875f",
      "rev_count": 1017464,
      "rev_date": "2026-06-16T02:33:49Z",
      "scrape_date": "2026-06-17T03:13:14.818140Z",
      "stabilities": [
        "unstable"
      ],
      "unfree": false,
      "version": "9.10.3",
      "outputs_to_install": [
        "out"
      ],
      "outputs": {
        "doc": "/nix/store/q0gkchl49abx3vlikl3v2cbwsr7spfq0-ghc-9.10.3-doc",
        "out": "/nix/store/f8bybrcsifh30k70svzih0adh2030wq5-ghc-9.10.3"
      },
      "system": "aarch64-darwin",
      "group": "toplevel",
      "priority": 5
    },
    {
      "attr_path": "ghc",
      "broken": false,
      "derivation": "/nix/store/4khyrfvssf0y7rcq13xqadn6j6zskv04-ghc-9.10.3.drv",
      "description": "Glasgow Haskell Compiler",
      "install_id": "ghc",
      "license": "BSD-3-Clause",
      "locked_url": "https://github.com/flox/nixpkgs?rev=567a49d1913ce81ac6e9582e3553dd90a955875f",
      "name": "ghc-9.10.3",
      "pname": "ghc",
      "rev": "567a49d1913ce81ac6e9582e3553dd90a955875f",
      "rev_count": 1017464,
      "rev_date": "2026-06-16T02:33:49Z",
      "scrape_date": "2026-06-17T03:44:09.746661Z",
      "stabilities": [
        "unstable"
      ],
      "unfree": false,
      "version": "9.10.3",
      "outputs_to_install": [
        "out"
      ],
      "outputs": {
        "doc": "/nix/store/kbdying5yj17xmmqdaa4ylz1k80jc4nm-ghc-9.10.3-doc",
        "out": "/nix/store/352d96bs632x7npjbzkyhcg6jf15g04y-ghc-9.10.3"
      },
      "system": "aarch64-linux",
      "group": "toplevel",
      "priority": 5
    },
    {
      "attr_path": "ghc",
      "broken": false,
      "derivation": "/nix/store/fi89slp9vzkyxah0yc4ql5zw05i3y28z-ghc-9.10.3.drv",
      "description": "Glasgow Haskell Compiler",
      "install_id": "ghc",
      "license": "BSD-3-Clause",
      "locked_url": "https://github.com/flox/nixpkgs?rev=567a49d1913ce81ac6e9582e3553dd90a955875f",
      "name": "ghc-9.10.3",
      "pname": "ghc",
      "rev": "567a49d1913ce81ac6e9582e3553dd90a955875f",
      "rev_count": 1017464,
      "rev_date": "2026-06-16T02:33:49Z",
      "scrape_date": "2026-06-17T04:13:07.134896Z",
      "stabilities": [
        "unstable"
      ],
      "unfree": false,
      "version": "9.10.3",
      "outputs_to_install": [
        "out"
      ],
      "outputs": {
        "doc": "/nix/store/2dza48y1bsfsjjqnfnlgsi9kr2kdr5kz-ghc-9.10.3-doc",
        "out": "/nix/store/lx2j3ywvkgbfjbrzbjw47lxi5x77gd4w-ghc-9.10.3"
      },
      "system": "x86_64-darwin",
      "group": "toplevel",
      "priority": 5
    },
    {
      "attr_path": "ghc",
      "broken": false,
      "derivation": "/nix/store/lapsx844l60kkfmgmhqhfg2n0ljfdaw2-ghc-9.10.3.drv",
      "description": "Glasgow Haskell Compiler",
      "install_id": "ghc",
      "license": "BSD-3-Clause",
      "locked_url": "https://github.com/flox/nixpkgs?rev=567a49d1913ce81ac6e9582e3553dd90a955875f",
      "name": "ghc-9.10.3",
      "pname": "ghc",
      "rev": "567a49d1913ce81ac6e9582e3553dd90a955875f",
      "rev_count": 1017464,
      "rev_date": "2026-06-16T02:33:49Z",
      "scrape_date": "2026-06-17T04:47:05.913133Z",
      "stabilities": [
        "unstable"
      ],
      "unfree": false,
      "version": "9.10.3",
      "outputs_to_install": [
        "out"
      ],
      "outputs": {
        "doc": "/nix/store/n36vfz6wsiv35jxmfybic39cpqq38vyi-ghc-9.10.3-doc",
        "out": "/nix/store/k493jzz83044mqayvlb6247l35780kxy-ghc-9.10.3"
      },
      "system": "x86_64-linux",
      "group": "toplevel",
      "priority": 5
    },
    {
      "attr_path": "libsodium",
      "broken": false,
      "derivation": "/nix/store/w2dncnxwcq0q9lhs21bz3rwazg1x8rh2-libsodium-1.0.22-unstable-2026-04-09.drv",
      "description": "Modern and easy-to-use crypto library",
      "install_id": "libsodium",
      "license": "ISC",
      "locked_url": "https://github.com/flox/nixpkgs?rev=567a49d1913ce81ac6e9582e3553dd90a955875f",
      "name": "libsodium-1.0.22-unstable-2026-04-09",
      "pname": "libsodium",
      "rev": "567a49d1913ce81ac6e9582e3553dd90a955875f",
      "rev_count": 1017464,
      "rev_date": "2026-06-16T02:33:49Z",
      "scrape_date": "2026-06-17T03:13:33.398943Z",
      "stabilities": [
        "unstable"
      ],
      "unfree": false,
      "version": "2026-04-09",
      "outputs_to_install": [
        "out"
      ],
      "outputs": {
        "dev": "/nix/store/pamgcz6bprs2xcy0zcyx492r1nxbhc4r-libsodium-1.0.22-unstable-2026-04-09-dev",
        "out": "/nix/store/k76pj1hviqk0dskprc71l67qps5vyyq7-libsodium-1.0.22-unstable-2026-04-09"
      },
      "system": "aarch64-darwin",
      "group": "toplevel",
      "priority": 5
    },
    {
      "attr_path": "libsodium",
      "broken": false,
      "derivation": "/nix/store/07iz58p95ys8ibcamyfjxbkzk1k41vd5-libsodium-1.0.22-unstable-2026-04-09.drv",
      "description": "Modern and easy-to-use crypto library",
      "install_id": "libsodium",
      "license": "ISC",
      "locked_url": "https://github.com/flox/nixpkgs?rev=567a49d1913ce81ac6e9582e3553dd90a955875f",
      "name": "libsodium-1.0.22-unstable-2026-04-09",
      "pname": "libsodium",
      "rev": "567a49d1913ce81ac6e9582e3553dd90a955875f",
      "rev_count": 1017464,
      "rev_date": "2026-06-16T02:33:49Z",
      "scrape_date": "2026-06-17T03:44:35.204191Z",
      "stabilities": [
        "unstable"
      ],
      "unfree": false,
      "version": "2026-04-09",
      "outputs_to_install": [
        "out",
        "out"
      ],
      "outputs": {
        "debug": "/nix/store/cjj7pmpb4m6p1f8vpvkxmkp2g614ab3n-libsodium-1.0.22-unstable-2026-04-09-debug",
        "dev": "/nix/store/af5y727a8aw2z761ck97p1bxfl60yz4x-libsodium-1.0.22-unstable-2026-04-09-dev",
        "out": "/nix/store/qqfyjdhc0y9cs2hzxs9h1l98641z1pfk-libsodium-1.0.22-unstable-2026-04-09"
      },
      "system": "aarch64-linux",
      "group": "toplevel",
      "priority": 5
    },
    {
      "attr_path": "libsodium",
      "broken": false,
      "derivation": "/nix/store/s5gk895n8qbj9fy7b5j9yzyybb6135w5-libsodium-1.0.22-unstable-2026-04-09.drv",
      "description": "Modern and easy-to-use crypto library",
      "install_id": "libsodium",
      "license": "ISC",
      "locked_url": "https://github.com/flox/nixpkgs?rev=567a49d1913ce81ac6e9582e3553dd90a955875f",
      "name": "libsodium-1.0.22-unstable-2026-04-09",
      "pname": "libsodium",
      "rev": "567a49d1913ce81ac6e9582e3553dd90a955875f",
      "rev_count": 1017464,
      "rev_date": "2026-06-16T02:33:49Z",
      "scrape_date": "2026-06-17T04:13:26.370390Z",
      "stabilities": [
        "unstable"
      ],
      "unfree": false,
      "version": "2026-04-09",
      "outputs_to_install": [
        "out"
      ],
      "outputs": {
        "dev": "/nix/store/n22pmc2lmvypsbkmh8kr7bp1p1z3qgxk-libsodium-1.0.22-unstable-2026-04-09-dev",
        "out": "/nix/store/c0w0mn30f3yj3ivisb73z2n5xikhkl34-libsodium-1.0.22-unstable-2026-04-09"
      },
      "system": "x86_64-darwin",
      "group": "toplevel",
      "priority": 5
    },
    {
      "attr_path": "libsodium",
      "broken": false,
      "derivation": "/nix/store/mjfgfqhlrmjzvqascwz980bx83jp4v61-libsodium-1.0.22-unstable-2026-04-09.drv",
      "description": "Modern and easy-to-use crypto library",
      "install_id": "libsodium",
      "license": "ISC",
      "locked_url": "https://github.com/flox/nixpkgs?rev=567a49d1913ce81ac6e9582e3553dd90a955875f",
      "name": "libsodium-1.0.22-unstable-2026-04-09",
      "pname": "libsodium",
      "rev": "567a49d1913ce81ac6e9582e3553dd90a955875f",
      "rev_count": 1017464,
      "rev_date": "2026-06-16T02:33:49Z",
      "scrape_date": "2026-06-17T04:47:32.928032Z",
      "stabilities": [
        "unstable"
      ],
      "unfree": false,
      "version": "2026-04-09",
      "outputs_to_install": [
        "out",
        "out",
        "out",
        "out",
        "out"
      ],
      "outputs": {
        "debug": "/nix/store/kx3grr5ywk88gwhcxmiizjincr7vqzca-libsodium-1.0.22-unstable-2026-04-09-debug",
        "dev": "/nix/store/agl1pal60bf2yh91dabymshhzvrpiilr-libsodium-1.0.22-unstable-2026-04-09-dev",
        "out": "/nix/store/l9fbnxk2cg8g7c58bxjsq220zhqzn80w-libsodium-1.0.22-unstable-2026-04-09"
      },
      "system": "x86_64-linux",
      "group": "toplevel",
      "priority": 5
    },
    {
      "attr_path": "libtool",
      "broken": false,
      "derivation": "/nix/store/kgsmwq2sc8fmlqvz9jrvrgj5h954nsss-libtool-2.5.4.drv",
      "description": "GNU Libtool, a generic library support script",
      "install_id": "libtool",
      "license": "GPL-2.0-or-later",
      "locked_url": "https://github.com/flox/nixpkgs?rev=567a49d1913ce81ac6e9582e3553dd90a955875f",
      "name": "libtool-2.5.4",
      "pname": "libtool",
      "rev": "567a49d1913ce81ac6e9582e3553dd90a955875f",
      "rev_count": 1017464,
      "rev_date": "2026-06-16T02:33:49Z",
      "scrape_date": "2026-06-17T03:13:33.464435Z",
      "stabilities": [
        "unstable"
      ],
      "unfree": false,
      "version": "2.5.4",
      "outputs_to_install": [
        "out"
      ],
      "outputs": {
        "lib": "/nix/store/1fcpj9592jbfmprbrlq7smkavinsgx6l-libtool-2.5.4-lib",
        "out": "/nix/store/dsnjyh29p589aqm1wh1snvw5lsaq488y-libtool-2.5.4"
      },
      "system": "aarch64-darwin",
      "group": "toplevel",
      "priority": 5
    },
    {
      "attr_path": "libtool",
      "broken": false,
      "derivation": "/nix/store/01zh5djyc3q2a45k55v23v2y52nrwz47-libtool-2.5.4.drv",
      "description": "GNU Libtool, a generic library support script",
      "install_id": "libtool",
      "license": "GPL-2.0-or-later",
      "locked_url": "https://github.com/flox/nixpkgs?rev=567a49d1913ce81ac6e9582e3553dd90a955875f",
      "name": "libtool-2.5.4",
      "pname": "libtool",
      "rev": "567a49d1913ce81ac6e9582e3553dd90a955875f",
      "rev_count": 1017464,
      "rev_date": "2026-06-16T02:33:49Z",
      "scrape_date": "2026-06-17T03:44:35.290783Z",
      "stabilities": [
        "unstable"
      ],
      "unfree": false,
      "version": "2.5.4",
      "outputs_to_install": [
        "out"
      ],
      "outputs": {
        "lib": "/nix/store/hihrq5y6ls54k8p3r7d1xal0np2k8a54-libtool-2.5.4-lib",
        "out": "/nix/store/dl7zf77yhqhgx8qa3ssg3gqi6qydn7zq-libtool-2.5.4"
      },
      "system": "aarch64-linux",
      "group": "toplevel",
      "priority": 5
    },
    {
      "attr_path": "libtool",
      "broken": false,
      "derivation": "/nix/store/0wjc6zk5yznggddi7phm14335xqgc52z-libtool-2.5.4.drv",
      "description": "GNU Libtool, a generic library support script",
      "install_id": "libtool",
      "license": "GPL-2.0-or-later",
      "locked_url": "https://github.com/flox/nixpkgs?rev=567a49d1913ce81ac6e9582e3553dd90a955875f",
      "name": "libtool-2.5.4",
      "pname": "libtool",
      "rev": "567a49d1913ce81ac6e9582e3553dd90a955875f",
      "rev_count": 1017464,
      "rev_date": "2026-06-16T02:33:49Z",
      "scrape_date": "2026-06-17T04:13:26.440414Z",
      "stabilities": [
        "unstable"
      ],
      "unfree": false,
      "version": "2.5.4",
      "outputs_to_install": [
        "out"
      ],
      "outputs": {
        "lib": "/nix/store/jc8yziibkvyzdwf1s3wy622a1cinv04b-libtool-2.5.4-lib",
        "out": "/nix/store/1xynwkx5zs7prlk64pfjx0zc1gdf30gp-libtool-2.5.4"
      },
      "system": "x86_64-darwin",
      "group": "toplevel",
      "priority": 5
    },
    {
      "attr_path": "libtool",
      "broken": false,
      "derivation": "/nix/store/bas25bq4wg1x7vakmx8llryzbl09dck1-libtool-2.5.4.drv",
      "description": "GNU Libtool, a generic library support script",
      "install_id": "libtool",
      "license": "GPL-2.0-or-later",
      "locked_url": "https://github.com/flox/nixpkgs?rev=567a49d1913ce81ac6e9582e3553dd90a955875f",
      "name": "libtool-2.5.4",
      "pname": "libtool",
      "rev": "567a49d1913ce81ac6e9582e3553dd90a955875f",
      "rev_count": 1017464,
      "rev_date": "2026-06-16T02:33:49Z",
      "scrape_date": "2026-06-17T04:47:33.019619Z",
      "stabilities": [
        "unstable"
      ],
      "unfree": false,
      "version": "2.5.4",
      "outputs_to_install": [
        "out"
      ],
      "outputs": {
        "lib": "/nix/store/qwyl8kb0r3bsml0k7hz1zj75i0x9dyxq-libtool-2.5.4-lib",
        "out": "/nix/store/r9jsxf5dmisk8kv8jfhscfa3az62i4qa-libtool-2.5.4"
      },
      "system": "x86_64-linux",
      "group": "toplevel",
      "priority": 5
    },
    {
      "attr_path": "pkg-config",
      "broken": false,
      "derivation": "/nix/store/byk6xh9qr0y4wrpyf11z29as4zfvl6h4-pkg-config-wrapper-0.29.2.drv",
      "description": "Tool that allows packages to find out information about other packages (wrapper script)",
      "install_id": "pkg-config",
      "license": "GPL-2.0-or-later",
      "locked_url": "https://github.com/flox/nixpkgs?rev=567a49d1913ce81ac6e9582e3553dd90a955875f",
      "name": "pkg-config-wrapper-0.29.2",
      "pname": "pkg-config",
      "rev": "567a49d1913ce81ac6e9582e3553dd90a955875f",
      "rev_count": 1017464,
      "rev_date": "2026-06-16T02:33:49Z",
      "scrape_date": "2026-06-17T03:13:53.907942Z",
      "stabilities": [
        "unstable"
      ],
      "unfree": false,
      "version": "0.29.2",
      "outputs_to_install": [
        "man",
        "out"
      ],
      "outputs": {
        "doc": "/nix/store/29wlw531i4q0da4maa5bab1hy8p58d6v-pkg-config-wrapper-0.29.2-doc",
        "man": "/nix/store/pk37i8cqgq803ni2gc7fx8j8dmnlq4hz-pkg-config-wrapper-0.29.2-man",
        "out": "/nix/store/lzrwr375jqhhbca116kja96xf1md83l8-pkg-config-wrapper-0.29.2"
      },
      "system": "aarch64-darwin",
      "group": "toplevel",
      "priority": 5
    },
    {
      "attr_path": "pkg-config",
      "broken": false,
      "derivation": "/nix/store/wybh89fsyj0rd2aq2pfg9h3p2q211g4m-pkg-config-wrapper-0.29.2.drv",
      "description": "Tool that allows packages to find out information about other packages (wrapper script)",
      "install_id": "pkg-config",
      "license": "GPL-2.0-or-later",
      "locked_url": "https://github.com/flox/nixpkgs?rev=567a49d1913ce81ac6e9582e3553dd90a955875f",
      "name": "pkg-config-wrapper-0.29.2",
      "pname": "pkg-config",
      "rev": "567a49d1913ce81ac6e9582e3553dd90a955875f",
      "rev_count": 1017464,
      "rev_date": "2026-06-16T02:33:49Z",
      "scrape_date": "2026-06-17T03:45:07.867600Z",
      "stabilities": [
        "unstable"
      ],
      "unfree": false,
      "version": "0.29.2",
      "outputs_to_install": [
        "man",
        "out",
        "out"
      ],
      "outputs": {
        "doc": "/nix/store/h67f59js5mciz53frb0m71jlbzkvv0y2-pkg-config-wrapper-0.29.2-doc",
        "man": "/nix/store/wg08qnsfqmyy5mgx74jiid7h1bnv8a8b-pkg-config-wrapper-0.29.2-man",
        "out": "/nix/store/c7vwy0gl1q0agl2h22gi0m9dg7xxad2l-pkg-config-wrapper-0.29.2"
      },
      "system": "aarch64-linux",
      "group": "toplevel",
      "priority": 5
    },
    {
      "attr_path": "pkg-config",
      "broken": false,
      "derivation": "/nix/store/6h29z1jjx9h3bfq95a7kfqkc9ivask4v-pkg-config-wrapper-0.29.2.drv",
      "description": "Tool that allows packages to find out information about other packages (wrapper script)",
      "install_id": "pkg-config",
      "license": "GPL-2.0-or-later",
      "locked_url": "https://github.com/flox/nixpkgs?rev=567a49d1913ce81ac6e9582e3553dd90a955875f",
      "name": "pkg-config-wrapper-0.29.2",
      "pname": "pkg-config",
      "rev": "567a49d1913ce81ac6e9582e3553dd90a955875f",
      "rev_count": 1017464,
      "rev_date": "2026-06-16T02:33:49Z",
      "scrape_date": "2026-06-17T04:13:47.530666Z",
      "stabilities": [
        "unstable"
      ],
      "unfree": false,
      "version": "0.29.2",
      "outputs_to_install": [
        "man",
        "out"
      ],
      "outputs": {
        "doc": "/nix/store/lmzgf4hlx26dxbsl6hnqr0imwkygq6zb-pkg-config-wrapper-0.29.2-doc",
        "man": "/nix/store/masw8xvkn6ygkbi35myxy0ngzxknpva6-pkg-config-wrapper-0.29.2-man",
        "out": "/nix/store/8cs8a12z75g9lnpch92y1f7bb9kqmgrz-pkg-config-wrapper-0.29.2"
      },
      "system": "x86_64-darwin",
      "group": "toplevel",
      "priority": 5
    },
    {
      "attr_path": "pkg-config",
      "broken": false,
      "derivation": "/nix/store/8lx42xz31bh9294hjphn7yk5lammcaj1-pkg-config-wrapper-0.29.2.drv",
      "description": "Tool that allows packages to find out information about other packages (wrapper script)",
      "install_id": "pkg-config",
      "license": "GPL-2.0-or-later",
      "locked_url": "https://github.com/flox/nixpkgs?rev=567a49d1913ce81ac6e9582e3553dd90a955875f",
      "name": "pkg-config-wrapper-0.29.2",
      "pname": "pkg-config",
      "rev": "567a49d1913ce81ac6e9582e3553dd90a955875f",
      "rev_count": 1017464,
      "rev_date": "2026-06-16T02:33:49Z",
      "scrape_date": "2026-06-17T04:48:08.208431Z",
      "stabilities": [
        "unstable"
      ],
      "unfree": false,
      "version": "0.29.2",
      "outputs_to_install": [
        "man",
        "out",
        "out"
      ],
      "outputs": {
        "doc": "/nix/store/lghsjphn6xrfac5q2zqnbbxvrmj6c3s7-pkg-config-wrapper-0.29.2-doc",
        "man": "/nix/store/6ki0phq7gff15ywxghxbhpcg3390x0hp-pkg-config-wrapper-0.29.2-man",
        "out": "/nix/store/1m05k7xgfnw6jc21xxk5681ni3ar97wf-pkg-config-wrapper-0.29.2"
      },
      "system": "x86_64-linux",
      "group": "toplevel",
      "priority": 5
    },
    {
      "attr_path": "python3",
      "broken": false,
      "derivation": "/nix/store/bknb559vqzsgsrjz47gr6yfl8ivz60cs-python3-3.13.13.drv",
      "description": "High-level dynamically-typed programming language",
      "install_id": "python3",
      "license": "Python-2.0",
      "locked_url": "https://github.com/flox/nixpkgs?rev=567a49d1913ce81ac6e9582e3553dd90a955875f",
      "name": "python3-3.13.13",
      "pname": "python3",
      "rev": "567a49d1913ce81ac6e9582e3553dd90a955875f",
      "rev_count": 1017464,
      "rev_date": "2026-06-16T02:33:49Z",
      "scrape_date": "2026-06-17T03:13:55.984850Z",
      "stabilities": [
        "unstable"
      ],
      "unfree": false,
      "version": "3.13.13",
      "outputs_to_install": [
        "out",
        "out"
      ],
      "outputs": {
        "out": "/nix/store/ygxqin6ydzjfawywqpp5pal8wv6sf5bh-python3-3.13.13"
      },
      "system": "aarch64-darwin",
      "group": "toplevel",
      "priority": 5
    },
    {
      "attr_path": "python3",
      "broken": false,
      "derivation": "/nix/store/x2hqw4p7ypn5mh08wgv4h37g6pqnw9ka-python3-3.13.13.drv",
      "description": "High-level dynamically-typed programming language",
      "install_id": "python3",
      "license": "Python-2.0",
      "locked_url": "https://github.com/flox/nixpkgs?rev=567a49d1913ce81ac6e9582e3553dd90a955875f",
      "name": "python3-3.13.13",
      "pname": "python3",
      "rev": "567a49d1913ce81ac6e9582e3553dd90a955875f",
      "rev_count": 1017464,
      "rev_date": "2026-06-16T02:33:49Z",
      "scrape_date": "2026-06-17T03:45:10.916575Z",
      "stabilities": [
        "unstable"
      ],
      "unfree": false,
      "version": "3.13.13",
      "outputs_to_install": [
        "out",
        "out",
        "out"
      ],
      "outputs": {
        "debug": "/nix/store/wsi1phrz2gvs0xa8gxsq34mbdpr0s6h0-python3-3.13.13-debug",
        "out": "/nix/store/lqn6mbgzzdrqq2qkwddcmxj9z6amdd86-python3-3.13.13"
      },
      "system": "aarch64-linux",
      "group": "toplevel",
      "priority": 5
    },
    {
      "attr_path": "python3",
      "broken": false,
      "derivation": "/nix/store/klsjr5grg2dlgbsimgczsz32s6h0s7ps-python3-3.13.13.drv",
      "description": "High-level dynamically-typed programming language",
      "install_id": "python3",
      "license": "Python-2.0",
      "locked_url": "https://github.com/flox/nixpkgs?rev=567a49d1913ce81ac6e9582e3553dd90a955875f",
      "name": "python3-3.13.13",
      "pname": "python3",
      "rev": "567a49d1913ce81ac6e9582e3553dd90a955875f",
      "rev_count": 1017464,
      "rev_date": "2026-06-16T02:33:49Z",
      "scrape_date": "2026-06-17T04:13:49.660379Z",
      "stabilities": [
        "unstable"
      ],
      "unfree": false,
      "version": "3.13.13",
      "outputs_to_install": [
        "out",
        "out"
      ],
      "outputs": {
        "out": "/nix/store/fyyi8b1dpk3xpjnn52rznnpvlyivds97-python3-3.13.13"
      },
      "system": "x86_64-darwin",
      "group": "toplevel",
      "priority": 5
    },
    {
      "attr_path": "python3",
      "broken": false,
      "derivation": "/nix/store/3qs947by1lp93b4gnfisb3jx67mpkd3c-python3-3.13.13.drv",
      "description": "High-level dynamically-typed programming language",
      "install_id": "python3",
      "license": "Python-2.0",
      "locked_url": "https://github.com/flox/nixpkgs?rev=567a49d1913ce81ac6e9582e3553dd90a955875f",
      "name": "python3-3.13.13",
      "pname": "python3",
      "rev": "567a49d1913ce81ac6e9582e3553dd90a955875f",
      "rev_count": 1017464,
      "rev_date": "2026-06-16T02:33:49Z",
      "scrape_date": "2026-06-17T04:48:11.369152Z",
      "stabilities": [
        "unstable"
      ],
      "unfree": false,
      "version": "3.13.13",
      "outputs_to_install": [
        "out",
        "out",
        "out",
        "out",
        "out",
        "out"
      ],
      "outputs": {
        "debug": "/nix/store/f8f8fd1yyvay2916vv1lk77v4cy5p3wz-python3-3.13.13-debug",
        "out": "/nix/store/60m4rxhg2fldqaak400c0lry96ijrzqn-python3-3.13.13"
      },
      "system": "x86_64-linux",
      "group": "toplevel",
      "priority": 5
    },
    {
      "attr_path": "secp256k1",
      "broken": false,
      "derivation": "/nix/store/p7s9q88rj20xr4w7g3aiiivaycjgl4h9-secp256k1-0.7.1.drv",
      "description": "Optimized C library for EC operations on curve secp256k1",
      "install_id": "secp256k1",
      "license": "[ MIT ]",
      "locked_url": "https://github.com/flox/nixpkgs?rev=567a49d1913ce81ac6e9582e3553dd90a955875f",
      "name": "secp256k1-0.7.1",
      "pname": "secp256k1",
      "rev": "567a49d1913ce81ac6e9582e3553dd90a955875f",
      "rev_count": 1017464,
      "rev_date": "2026-06-16T02:33:49Z",
      "scrape_date": "2026-06-17T03:15:11.744860Z",
      "stabilities": [
        "unstable"
      ],
      "unfree": false,
      "version": "0.7.1",
      "outputs_to_install": [
        "out"
      ],
      "outputs": {
        "out": "/nix/store/kdjq3pmjqy24y2gy9n5qdd0sj94wcafm-secp256k1-0.7.1"
      },
      "system": "aarch64-darwin",
      "group": "toplevel",
      "priority": 5
    },
    {
      "attr_path": "secp256k1",
      "broken": false,
      "derivation": "/nix/store/xip11qbdhm4p0n14lc1l9p3zarhqb2ap-secp256k1-0.7.1.drv",
      "description": "Optimized C library for EC operations on curve secp256k1",
      "install_id": "secp256k1",
      "license": "[ MIT ]",
      "locked_url": "https://github.com/flox/nixpkgs?rev=567a49d1913ce81ac6e9582e3553dd90a955875f",
      "name": "secp256k1-0.7.1",
      "pname": "secp256k1",
      "rev": "567a49d1913ce81ac6e9582e3553dd90a955875f",
      "rev_count": 1017464,
      "rev_date": "2026-06-16T02:33:49Z",
      "scrape_date": "2026-06-17T03:46:37.510527Z",
      "stabilities": [
        "unstable"
      ],
      "unfree": false,
      "version": "0.7.1",
      "outputs_to_install": [
        "out"
      ],
      "outputs": {
        "out": "/nix/store/dyrpbdqlj0bk50j2yrhwn6l5rbvs0wqa-secp256k1-0.7.1"
      },
      "system": "aarch64-linux",
      "group": "toplevel",
      "priority": 5
    },
    {
      "attr_path": "secp256k1",
      "broken": false,
      "derivation": "/nix/store/ggr0slbhcs6b71c3aj0nfy0q8qx9sxxj-secp256k1-0.7.1.drv",
      "description": "Optimized C library for EC operations on curve secp256k1",
      "install_id": "secp256k1",
      "license": "[ MIT ]",
      "locked_url": "https://github.com/flox/nixpkgs?rev=567a49d1913ce81ac6e9582e3553dd90a955875f",
      "name": "secp256k1-0.7.1",
      "pname": "secp256k1",
      "rev": "567a49d1913ce81ac6e9582e3553dd90a955875f",
      "rev_count": 1017464,
      "rev_date": "2026-06-16T02:33:49Z",
      "scrape_date": "2026-06-17T04:15:05.230880Z",
      "stabilities": [
        "unstable"
      ],
      "unfree": false,
      "version": "0.7.1",
      "outputs_to_install": [
        "out"
      ],
      "outputs": {
        "out": "/nix/store/92c7qa4hbm4jivpw68a3d0d733injjr5-secp256k1-0.7.1"
      },
      "system": "x86_64-darwin",
      "group": "toplevel",
      "priority": 5
    },
    {
      "attr_path": "secp256k1",
      "broken": false,
      "derivation": "/nix/store/jj4hy9c0kglijh15ibbq3svywnx30jka-secp256k1-0.7.1.drv",
      "description": "Optimized C library for EC operations on curve secp256k1",
      "install_id": "secp256k1",
      "license": "[ MIT ]",
      "locked_url": "https://github.com/flox/nixpkgs?rev=567a49d1913ce81ac6e9582e3553dd90a955875f",
      "name": "secp256k1-0.7.1",
      "pname": "secp256k1",
      "rev": "567a49d1913ce81ac6e9582e3553dd90a955875f",
      "rev_count": 1017464,
      "rev_date": "2026-06-16T02:33:49Z",
      "scrape_date": "2026-06-17T04:49:40.337602Z",
      "stabilities": [
        "unstable"
      ],
      "unfree": false,
      "version": "0.7.1",
      "outputs_to_install": [
        "out"
      ],
      "outputs": {
        "out": "/nix/store/gd1n28fx8nmy6jhnbfipcw30549l1wvc-secp256k1-0.7.1"
      },
      "system": "x86_64-linux",
      "group": "toplevel",
      "priority": 5
    }
  ]
}
