# THIS IS AN AUTOGENERATED FILE. DO NOT EDIT THIS FILE DIRECTLY.
# yarn lockfile v1


"@cardano-ogmios/mdk@^1.0.0":
  version "1.0.0"
  resolved "https://registry.yarnpkg.com/@cardano-ogmios/mdk/-/mdk-1.0.0.tgz#488eab2083baadbaad99d01ea5aacb19e54d84e9"
  integrity sha512-jodz4sPqjmvWVsX+rEDGc9NXIOq7a/Q719Yai4Dhjpb9OvqN591M0KspBF+Dj4FE/jWUh740IgLNnhaEdtLspQ==
  dependencies:
    "@cardanosolutions/json-bigint" "^1.0.1"
    isomorphic-ws "^5.0.0"

"@cardanosolutions/json-bigint@^1.0.1":
  version "1.0.1"
  resolved "https://registry.yarnpkg.com/@cardanosolutions/json-bigint/-/json-bigint-1.0.1.tgz#077dad78f010c2fd195cf035b1b680dc6d98d50b"
  integrity sha512-mbYL6jtHqMFCZnTFhmkmoeDzHMBino0gMiGQnOJE7CwzZzkK2HCpH0MTBk+84QDadMEGX7iFt7uB+levm1a+bQ==
  dependencies:
    bignumber.js "^9.0.0"

bech32@^2.0.0:
  version "2.0.0"
  resolved "https://registry.yarnpkg.com/bech32/-/bech32-2.0.0.tgz#078d3686535075c8c79709f054b1b226a133b355"
  integrity sha512-LcknSilhIGatDAsY1ak2I8VtGaHNhgMSYVxFrGLXv+xLHytaKZKcaUJJUE7qmBr7h33o5YQwP55pMI0xmkpJwg==

bignumber.js@^9.0.0:
  version "9.3.0"
  resolved "https://registry.yarnpkg.com/bignumber.js/-/bignumber.js-9.3.0.tgz#bdba7e2a4c1a2eba08290e8dcad4f36393c92acd"
  integrity sha512-EM7aMFTXbptt/wZdMlBv2t8IViwQL+h6SLHosp8Yf0dqJMTnY6iL32opnAB6kAdL0SZPuvcAzFr31o0c/R3/RA==

isomorphic-ws@^5.0.0:
  version "5.0.0"
  resolved "https://registry.yarnpkg.com/isomorphic-ws/-/isomorphic-ws-5.0.0.tgz#e5529148912ecb9b451b46ed44d53dae1ce04bbf"
  integrity sha512-muId7Zzn9ywDsyXgTIafTry2sV3nySZeUDe6YedVd1Hvuuep5AsIlqK+XefWpYTyJG5e503F2xIuT2lcU6rCSw==
